// !$*UTF8*$!
{
	archiveVersion = 1;
	classes = {
	};
	objectVersion = 48;
	objects = {

/* Begin PBXBuildFile section */
		1FCD3FDCFED5D0751DE8D71A /* Pods_Terminal.framework in Frameworks */ = {isa = PBXBuildFile; fileRef = 83138AA9A57F46310B4DFF53 /* Pods_Terminal.framework */; };
		BE000C081FEC4F6C00D06B91 /* ios_system.framework in Frameworks */ = {isa = PBXBuildFile; fileRef = BE3768EE1FEC4DCE00D5A2D1 /* ios_system.framework */; settings = {ATTRIBUTES = (Required, ); }; };
		BE000C091FEC4F6F00D06B91 /* ios_system.framework in Frameworks */ = {isa = PBXBuildFile; fileRef = BE3768EE1FEC4DCE00D5A2D1 /* ios_system.framework */; settings = {ATTRIBUTES = (Required, ); }; };
		BE000C0A1FEC4F6F00D06B91 /* ios_system.framework in Embed Frameworks */ = {isa = PBXBuildFile; fileRef = BE3768EE1FEC4DCE00D5A2D1 /* ios_system.framework */; settings = {ATTRIBUTES = (CodeSignOnCopy, RemoveHeadersOnCopy, ); }; };
		BE3808561FD9BFB600393EB8 /* AppDelegate.swift in Sources */ = {isa = PBXBuildFile; fileRef = BE3808551FD9BFB600393EB8 /* AppDelegate.swift */; };
		BE3808581FD9BFB600393EB8 /* ViewController.swift in Sources */ = {isa = PBXBuildFile; fileRef = BE3808571FD9BFB600393EB8 /* ViewController.swift */; };
		BE38085B1FD9BFB600393EB8 /* Main.storyboard in Resources */ = {isa = PBXBuildFile; fileRef = BE3808591FD9BFB600393EB8 /* Main.storyboard */; };
		BE38085D1FD9BFB600393EB8 /* Assets.xcassets in Resources */ = {isa = PBXBuildFile; fileRef = BE38085C1FD9BFB600393EB8 /* Assets.xcassets */; };
		BE3808601FD9BFB600393EB8 /* LaunchScreen.storyboard in Resources */ = {isa = PBXBuildFile; fileRef = BE38085E1FD9BFB600393EB8 /* LaunchScreen.storyboard */; };
		BEA499261FD9C4D7001B9B9D /* DocumentManager.swift in Sources */ = {isa = PBXBuildFile; fileRef = BEA499251FD9C4D7001B9B9D /* DocumentManager.swift */; };
		BEA4992C1FDC0918001B9B9D /* icon-320.png in Resources */ = {isa = PBXBuildFile; fileRef = BEA4992B1FDC0918001B9B9D /* icon-320.png */; };
		BEA4992E1FDC305B001B9B9D /* KeyboardObserver.swift in Sources */ = {isa = PBXBuildFile; fileRef = BEA4992D1FDC305B001B9B9D /* KeyboardObserver.swift */; };
		BEA499301FDC3B93001B9B9D /* TerminalView.swift in Sources */ = {isa = PBXBuildFile; fileRef = BEA4992F1FDC3B93001B9B9D /* TerminalView.swift */; };
		BEA8E2912001348C00002475 /* UIColor+AssetCatalog.swift in Sources */ = {isa = PBXBuildFile; fileRef = BEA8E2902001348C00002475 /* UIColor+AssetCatalog.swift */; };
		BEECFF0A1FFC1DC0009608B3 /* HistoryViewController.swift in Sources */ = {isa = PBXBuildFile; fileRef = BEECFF091FFC1DC0009608B3 /* HistoryViewController.swift */; };
		BEECFF391FFEC187009608B3 /* SettingsViewController.swift in Sources */ = {isa = PBXBuildFile; fileRef = BEECFF381FFEC187009608B3 /* SettingsViewController.swift */; };
		F41D85BB200AC712002D1529 /* UpdateTerminalBackgroundColor.swift in Sources */ = {isa = PBXBuildFile; fileRef = F41D85BA200AC712002D1529 /* UpdateTerminalBackgroundColor.swift */; };
		F456629E200B9BC500C574AA /* ColorDisplayView.swift in Sources */ = {isa = PBXBuildFile; fileRef = F456629D200B9BC500C574AA /* ColorDisplayView.swift */; };
		F4602B41200A08D0009D0547 /* ColorPickerViewController.swift in Sources */ = {isa = PBXBuildFile; fileRef = F4602B40200A08D0009D0547 /* ColorPickerViewController.swift */; };
		F4602B49200A63FC009D0547 /* UserDefaults+UIColor.swift in Sources */ = {isa = PBXBuildFile; fileRef = F4602B48200A63FC009D0547 /* UserDefaults+UIColor.swift */; };
		F4602B4C200A6926009D0547 /* UpdateTerminalTextColor.swift in Sources */ = {isa = PBXBuildFile; fileRef = F4602B4B200A6926009D0547 /* UpdateTerminalTextColor.swift */; };
/* End PBXBuildFile section */

/* Begin PBXCopyFilesBuildPhase section */
		BE000C0B1FEC4F7000D06B91 /* Embed Frameworks */ = {
			isa = PBXCopyFilesBuildPhase;
			buildActionMask = 2147483647;
			dstPath = "";
			dstSubfolderSpec = 10;
			files = (
				BE000C0A1FEC4F6F00D06B91 /* ios_system.framework in Embed Frameworks */,
			);
			name = "Embed Frameworks";
			runOnlyForDeploymentPostprocessing = 0;
		};
/* End PBXCopyFilesBuildPhase section */

/* Begin PBXFileReference section */
		24F6A88F715402F565B82F26 /* Pods-Terminal.release.xcconfig */ = {isa = PBXFileReference; includeInIndex = 1; lastKnownFileType = text.xcconfig; name = "Pods-Terminal.release.xcconfig"; path = "Pods/Target Support Files/Pods-Terminal/Pods-Terminal.release.xcconfig"; sourceTree = "<group>"; };
		83138AA9A57F46310B4DFF53 /* Pods_Terminal.framework */ = {isa = PBXFileReference; explicitFileType = wrapper.framework; includeInIndex = 0; path = Pods_Terminal.framework; sourceTree = BUILT_PRODUCTS_DIR; };
		BE3768EE1FEC4DCE00D5A2D1 /* ios_system.framework */ = {isa = PBXFileReference; explicitFileType = wrapper.framework; path = ios_system.framework; sourceTree = BUILT_PRODUCTS_DIR; };
		BE3808521FD9BFB600393EB8 /* Terminal.app */ = {isa = PBXFileReference; explicitFileType = wrapper.application; includeInIndex = 0; path = Terminal.app; sourceTree = BUILT_PRODUCTS_DIR; };
		BE3808551FD9BFB600393EB8 /* AppDelegate.swift */ = {isa = PBXFileReference; lastKnownFileType = sourcecode.swift; path = AppDelegate.swift; sourceTree = "<group>"; };
		BE3808571FD9BFB600393EB8 /* ViewController.swift */ = {isa = PBXFileReference; lastKnownFileType = sourcecode.swift; path = ViewController.swift; sourceTree = "<group>"; };
		BE38085A1FD9BFB600393EB8 /* Base */ = {isa = PBXFileReference; lastKnownFileType = file.storyboard; name = Base; path = Base.lproj/Main.storyboard; sourceTree = "<group>"; };
		BE38085C1FD9BFB600393EB8 /* Assets.xcassets */ = {isa = PBXFileReference; lastKnownFileType = folder.assetcatalog; path = Assets.xcassets; sourceTree = "<group>"; };
		BE38085F1FD9BFB600393EB8 /* Base */ = {isa = PBXFileReference; lastKnownFileType = file.storyboard; name = Base; path = Base.lproj/LaunchScreen.storyboard; sourceTree = "<group>"; };
		BE3808611FD9BFB600393EB8 /* Info.plist */ = {isa = PBXFileReference; lastKnownFileType = text.plist.xml; path = Info.plist; sourceTree = "<group>"; };
		BEA499241FD9C46C001B9B9D /* Terminal.entitlements */ = {isa = PBXFileReference; lastKnownFileType = text.plist.entitlements; path = Terminal.entitlements; sourceTree = "<group>"; };
		BEA499251FD9C4D7001B9B9D /* DocumentManager.swift */ = {isa = PBXFileReference; lastKnownFileType = sourcecode.swift; path = DocumentManager.swift; sourceTree = "<group>"; };
		BEA4992B1FDC0918001B9B9D /* icon-320.png */ = {isa = PBXFileReference; lastKnownFileType = image.png; path = "icon-320.png"; sourceTree = "<group>"; };
		BEA4992D1FDC305B001B9B9D /* KeyboardObserver.swift */ = {isa = PBXFileReference; lastKnownFileType = sourcecode.swift; path = KeyboardObserver.swift; sourceTree = "<group>"; };
		BEA4992F1FDC3B93001B9B9D /* TerminalView.swift */ = {isa = PBXFileReference; lastKnownFileType = sourcecode.swift; path = TerminalView.swift; sourceTree = "<group>"; };
		BEA8E2902001348C00002475 /* UIColor+AssetCatalog.swift */ = {isa = PBXFileReference; lastKnownFileType = sourcecode.swift; path = "UIColor+AssetCatalog.swift"; sourceTree = "<group>"; };
		BEECFF091FFC1DC0009608B3 /* HistoryViewController.swift */ = {isa = PBXFileReference; lastKnownFileType = sourcecode.swift; path = HistoryViewController.swift; sourceTree = "<group>"; };
		BEECFF381FFEC187009608B3 /* SettingsViewController.swift */ = {isa = PBXFileReference; lastKnownFileType = sourcecode.swift; path = SettingsViewController.swift; sourceTree = "<group>"; };
		D73213876015994510AC49C0 /* Pods-Terminal.debug.xcconfig */ = {isa = PBXFileReference; includeInIndex = 1; lastKnownFileType = text.xcconfig; name = "Pods-Terminal.debug.xcconfig"; path = "Pods/Target Support Files/Pods-Terminal/Pods-Terminal.debug.xcconfig"; sourceTree = "<group>"; };
		F41D85BA200AC712002D1529 /* UpdateTerminalBackgroundColor.swift */ = {isa = PBXFileReference; lastKnownFileType = sourcecode.swift; path = UpdateTerminalBackgroundColor.swift; sourceTree = "<group>"; };
		F456629D200B9BC500C574AA /* ColorDisplayView.swift */ = {isa = PBXFileReference; lastKnownFileType = sourcecode.swift; path = ColorDisplayView.swift; sourceTree = "<group>"; };
		F4602B40200A08D0009D0547 /* ColorPickerViewController.swift */ = {isa = PBXFileReference; lastKnownFileType = sourcecode.swift; path = ColorPickerViewController.swift; sourceTree = "<group>"; };
		F4602B48200A63FC009D0547 /* UserDefaults+UIColor.swift */ = {isa = PBXFileReference; lastKnownFileType = sourcecode.swift; path = "UserDefaults+UIColor.swift"; sourceTree = "<group>"; };
		F4602B4B200A6926009D0547 /* UpdateTerminalTextColor.swift */ = {isa = PBXFileReference; lastKnownFileType = sourcecode.swift; path = UpdateTerminalTextColor.swift; sourceTree = "<group>"; };
/* End PBXFileReference section */

/* Begin PBXFrameworksBuildPhase section */
		BE38084F1FD9BFB600393EB8 /* Frameworks */ = {
			isa = PBXFrameworksBuildPhase;
			buildActionMask = 2147483647;
			files = (
				BE000C081FEC4F6C00D06B91 /* ios_system.framework in Frameworks */,
				BE000C091FEC4F6F00D06B91 /* ios_system.framework in Frameworks */,
				1FCD3FDCFED5D0751DE8D71A /* Pods_Terminal.framework in Frameworks */,
			);
			runOnlyForDeploymentPostprocessing = 0;
		};
/* End PBXFrameworksBuildPhase section */

/* Begin PBXGroup section */
		BE3768EC1FEC4DCE00D5A2D1 /* Frameworks */ = {
			isa = PBXGroup;
			children = (
				BE3768EE1FEC4DCE00D5A2D1 /* ios_system.framework */,
				83138AA9A57F46310B4DFF53 /* Pods_Terminal.framework */,
			);
			name = Frameworks;
			sourceTree = "<group>";
		};
		BE3808491FD9BFB600393EB8 = {
			isa = PBXGroup;
			children = (
				BE3808541FD9BFB600393EB8 /* Terminal */,
				BE3808531FD9BFB600393EB8 /* Products */,
				BE3768EC1FEC4DCE00D5A2D1 /* Frameworks */,
				EDE154E4BB3A66786AACAA5C /* Pods */,
			);
			sourceTree = "<group>";
		};
		BE3808531FD9BFB600393EB8 /* Products */ = {
			isa = PBXGroup;
			children = (
				BE3808521FD9BFB600393EB8 /* Terminal.app */,
			);
			name = Products;
			sourceTree = "<group>";
		};
		BE3808541FD9BFB600393EB8 /* Terminal */ = {
			isa = PBXGroup;
			children = (
				BEA8E28F2001346D00002475 /* Util */,
				BEA8E28E2001345700002475 /* View */,
				BEA8E28D2001344400002475 /* Controller */,
				F4602B4A200A68DA009D0547 /* Delegate */,
				BEA4992B1FDC0918001B9B9D /* icon-320.png */,
				BEA499241FD9C46C001B9B9D /* Terminal.entitlements */,
				BE3808551FD9BFB600393EB8 /* AppDelegate.swift */,
				BE3808591FD9BFB600393EB8 /* Main.storyboard */,
				BE38085C1FD9BFB600393EB8 /* Assets.xcassets */,
				BE38085E1FD9BFB600393EB8 /* LaunchScreen.storyboard */,
				BE3808611FD9BFB600393EB8 /* Info.plist */,
			);
			path = Terminal;
			sourceTree = "<group>";
		};
		BEA8E28D2001344400002475 /* Controller */ = {
			isa = PBXGroup;
			children = (
				BE3808571FD9BFB600393EB8 /* ViewController.swift */,
				BEECFF091FFC1DC0009608B3 /* HistoryViewController.swift */,
				BEECFF381FFEC187009608B3 /* SettingsViewController.swift */,
				F4602B40200A08D0009D0547 /* ColorPickerViewController.swift */,
			);
			path = Controller;
			sourceTree = "<group>";
		};
		BEA8E28E2001345700002475 /* View */ = {
			isa = PBXGroup;
			children = (
				BEA4992F1FDC3B93001B9B9D /* TerminalView.swift */,
				F456629D200B9BC500C574AA /* ColorDisplayView.swift */,
			);
			path = View;
			sourceTree = "<group>";
		};
		BEA8E28F2001346D00002475 /* Util */ = {
			isa = PBXGroup;
			children = (
				BEA8E2902001348C00002475 /* UIColor+AssetCatalog.swift */,
				F4602B48200A63FC009D0547 /* UserDefaults+UIColor.swift */,
				BEA4992D1FDC305B001B9B9D /* KeyboardObserver.swift */,
				BEA499251FD9C4D7001B9B9D /* DocumentManager.swift */,
			);
			path = Util;
			sourceTree = "<group>";
		};
		EDE154E4BB3A66786AACAA5C /* Pods */ = {
			isa = PBXGroup;
			children = (
				D73213876015994510AC49C0 /* Pods-Terminal.debug.xcconfig */,
				24F6A88F715402F565B82F26 /* Pods-Terminal.release.xcconfig */,
			);
			name = Pods;
			sourceTree = "<group>";
		};
		F4602B4A200A68DA009D0547 /* Delegate */ = {
			isa = PBXGroup;
			children = (
				F4602B4B200A6926009D0547 /* UpdateTerminalTextColor.swift */,
				F41D85BA200AC712002D1529 /* UpdateTerminalBackgroundColor.swift */,
			);
			path = Delegate;
			sourceTree = "<group>";
		};
/* End PBXGroup section */

/* Begin PBXNativeTarget section */
		BE3808511FD9BFB600393EB8 /* Terminal */ = {
			isa = PBXNativeTarget;
			buildConfigurationList = BE3808641FD9BFB600393EB8 /* Build configuration list for PBXNativeTarget "Terminal" */;
			buildPhases = (
				4B5DFD929D217199A76A3C45 /* [CP] Check Pods Manifest.lock */,
				BE38084E1FD9BFB600393EB8 /* Sources */,
				BE38084F1FD9BFB600393EB8 /* Frameworks */,
				BE3808501FD9BFB600393EB8 /* Resources */,
				BE000C0B1FEC4F7000D06B91 /* Embed Frameworks */,
				7E594A5DD24920828A657E90 /* [CP] Embed Pods Frameworks */,
				0817298A6DFC720C403FB709 /* [CP] Copy Pods Resources */,
			);
			buildRules = (
			);
			dependencies = (
			);
			name = Terminal;
			productName = Terminal;
			productReference = BE3808521FD9BFB600393EB8 /* Terminal.app */;
			productType = "com.apple.product-type.application";
		};
/* End PBXNativeTarget section */

/* Begin PBXProject section */
		BE38084A1FD9BFB600393EB8 /* Project object */ = {
			isa = PBXProject;
			attributes = {
				LastSwiftUpdateCheck = 0920;
				LastUpgradeCheck = 0920;
				ORGANIZATIONNAME = "Silver Fox";
				TargetAttributes = {
					BE3808511FD9BFB600393EB8 = {
						CreatedOnToolsVersion = 9.2;
						ProvisioningStyle = Automatic;
						SystemCapabilities = {
							com.apple.ApplicationGroups.iOS = {
								enabled = 1;
							};
							com.apple.iCloud = {
								enabled = 1;
							};
						};
					};
				};
			};
			buildConfigurationList = BE38084D1FD9BFB600393EB8 /* Build configuration list for PBXProject "Terminal" */;
			compatibilityVersion = "Xcode 8.0";
			developmentRegion = en;
			hasScannedForEncodings = 0;
			knownRegions = (
				en,
				Base,
			);
			mainGroup = BE3808491FD9BFB600393EB8;
			productRefGroup = BE3808531FD9BFB600393EB8 /* Products */;
			projectDirPath = "";
			projectRoot = "";
			targets = (
				BE3808511FD9BFB600393EB8 /* Terminal */,
			);
		};
/* End PBXProject section */

/* Begin PBXResourcesBuildPhase section */
		BE3808501FD9BFB600393EB8 /* Resources */ = {
			isa = PBXResourcesBuildPhase;
			buildActionMask = 2147483647;
			files = (
				BE3808601FD9BFB600393EB8 /* LaunchScreen.storyboard in Resources */,
				BE38085D1FD9BFB600393EB8 /* Assets.xcassets in Resources */,
				BEA4992C1FDC0918001B9B9D /* icon-320.png in Resources */,
				BE38085B1FD9BFB600393EB8 /* Main.storyboard in Resources */,
			);
			runOnlyForDeploymentPostprocessing = 0;
		};
/* End PBXResourcesBuildPhase section */

/* Begin PBXShellScriptBuildPhase section */
		0817298A6DFC720C403FB709 /* [CP] Copy Pods Resources */ = {
			isa = PBXShellScriptBuildPhase;
			buildActionMask = 2147483647;
			files = (
			);
			inputPaths = (
			);
			name = "[CP] Copy Pods Resources";
			outputPaths = (
			);
			runOnlyForDeploymentPostprocessing = 0;
			shellPath = /bin/sh;
			shellScript = "\"${SRCROOT}/Pods/Target Support Files/Pods-Terminal/Pods-Terminal-resources.sh\"\n";
			showEnvVarsInLog = 0;
		};
		4B5DFD929D217199A76A3C45 /* [CP] Check Pods Manifest.lock */ = {
			isa = PBXShellScriptBuildPhase;
			buildActionMask = 2147483647;
			files = (
			);
			inputPaths = (
				"${PODS_PODFILE_DIR_PATH}/Podfile.lock",
				"${PODS_ROOT}/Manifest.lock",
			);
			name = "[CP] Check Pods Manifest.lock";
			outputPaths = (
				"$(DERIVED_FILE_DIR)/Pods-Terminal-checkManifestLockResult.txt",
			);
			runOnlyForDeploymentPostprocessing = 0;
			shellPath = /bin/sh;
			shellScript = "diff \"${PODS_PODFILE_DIR_PATH}/Podfile.lock\" \"${PODS_ROOT}/Manifest.lock\" > /dev/null\nif [ $? != 0 ] ; then\n    # print error to STDERR\n    echo \"error: The sandbox is not in sync with the Podfile.lock. Run 'pod install' or update your CocoaPods installation.\" >&2\n    exit 1\nfi\n# This output is used by Xcode 'outputs' to avoid re-running this script phase.\necho \"SUCCESS\" > \"${SCRIPT_OUTPUT_FILE_0}\"\n";
			showEnvVarsInLog = 0;
		};
		7E594A5DD24920828A657E90 /* [CP] Embed Pods Frameworks */ = {
			isa = PBXShellScriptBuildPhase;
			buildActionMask = 2147483647;
			files = (
			);
			inputPaths = (
				"${SRCROOT}/Pods/Target Support Files/Pods-Terminal/Pods-Terminal-frameworks.sh",
				"${BUILT_PRODUCTS_DIR}/PanelKit/PanelKit.framework",
			);
			name = "[CP] Embed Pods Frameworks";
			outputPaths = (
				"${TARGET_BUILD_DIR}/${FRAMEWORKS_FOLDER_PATH}/PanelKit.framework",
			);
			runOnlyForDeploymentPostprocessing = 0;
			shellPath = /bin/sh;
			shellScript = "\"${SRCROOT}/Pods/Target Support Files/Pods-Terminal/Pods-Terminal-frameworks.sh\"\n";
			showEnvVarsInLog = 0;
		};
/* End PBXShellScriptBuildPhase section */

/* Begin PBXSourcesBuildPhase section */
		BE38084E1FD9BFB600393EB8 /* Sources */ = {
			isa = PBXSourcesBuildPhase;
			buildActionMask = 2147483647;
			files = (
				BEA8E2912001348C00002475 /* UIColor+AssetCatalog.swift in Sources */,
				BEA499301FDC3B93001B9B9D /* TerminalView.swift in Sources */,
				F4602B49200A63FC009D0547 /* UserDefaults+UIColor.swift in Sources */,
				BE3808581FD9BFB600393EB8 /* ViewController.swift in Sources */,
				BEECFF391FFEC187009608B3 /* SettingsViewController.swift in Sources */,
				F456629E200B9BC500C574AA /* ColorDisplayView.swift in Sources */,
				BEA499261FD9C4D7001B9B9D /* DocumentManager.swift in Sources */,
				BEECFF0A1FFC1DC0009608B3 /* HistoryViewController.swift in Sources */,
				F4602B4C200A6926009D0547 /* UpdateTerminalTextColor.swift in Sources */,
				F41D85BB200AC712002D1529 /* UpdateTerminalBackgroundColor.swift in Sources */,
				BEA4992E1FDC305B001B9B9D /* KeyboardObserver.swift in Sources */,
				F4602B41200A08D0009D0547 /* ColorPickerViewController.swift in Sources */,
				BE3808561FD9BFB600393EB8 /* AppDelegate.swift in Sources */,
			);
			runOnlyForDeploymentPostprocessing = 0;
		};
/* End PBXSourcesBuildPhase section */

/* Begin PBXVariantGroup section */
		BE3808591FD9BFB600393EB8 /* Main.storyboard */ = {
			isa = PBXVariantGroup;
			children = (
				BE38085A1FD9BFB600393EB8 /* Base */,
			);
			name = Main.storyboard;
			sourceTree = "<group>";
		};
		BE38085E1FD9BFB600393EB8 /* LaunchScreen.storyboard */ = {
			isa = PBXVariantGroup;
			children = (
				BE38085F1FD9BFB600393EB8 /* Base */,
			);
			name = LaunchScreen.storyboard;
			sourceTree = "<group>";
		};
/* End PBXVariantGroup section */

/* Begin XCBuildConfiguration section */
		BE3808621FD9BFB600393EB8 /* Debug */ = {
			isa = XCBuildConfiguration;
			buildSettings = {
				ALWAYS_SEARCH_USER_PATHS = NO;
				CLANG_ANALYZER_NONNULL = YES;
				CLANG_ANALYZER_NUMBER_OBJECT_CONVERSION = YES_AGGRESSIVE;
				CLANG_CXX_LANGUAGE_STANDARD = "gnu++14";
				CLANG_CXX_LIBRARY = "libc++";
				CLANG_ENABLE_MODULES = YES;
				CLANG_ENABLE_OBJC_ARC = YES;
				CLANG_WARN_BLOCK_CAPTURE_AUTORELEASING = YES;
				CLANG_WARN_BOOL_CONVERSION = YES;
				CLANG_WARN_COMMA = YES;
				CLANG_WARN_CONSTANT_CONVERSION = YES;
				CLANG_WARN_DIRECT_OBJC_ISA_USAGE = YES_ERROR;
				CLANG_WARN_DOCUMENTATION_COMMENTS = YES;
				CLANG_WARN_EMPTY_BODY = YES;
				CLANG_WARN_ENUM_CONVERSION = YES;
				CLANG_WARN_INFINITE_RECURSION = YES;
				CLANG_WARN_INT_CONVERSION = YES;
				CLANG_WARN_NON_LITERAL_NULL_CONVERSION = YES;
				CLANG_WARN_OBJC_LITERAL_CONVERSION = YES;
				CLANG_WARN_OBJC_ROOT_CLASS = YES_ERROR;
				CLANG_WARN_RANGE_LOOP_ANALYSIS = YES;
				CLANG_WARN_STRICT_PROTOTYPES = YES;
				CLANG_WARN_SUSPICIOUS_MOVE = YES;
				CLANG_WARN_UNGUARDED_AVAILABILITY = YES_AGGRESSIVE;
				CLANG_WARN_UNREACHABLE_CODE = YES;
				CLANG_WARN__DUPLICATE_METHOD_MATCH = YES;
				CODE_SIGN_IDENTITY = "iPhone Developer";
				COPY_PHASE_STRIP = NO;
				DEBUG_INFORMATION_FORMAT = dwarf;
				ENABLE_STRICT_OBJC_MSGSEND = YES;
				ENABLE_TESTABILITY = YES;
				GCC_C_LANGUAGE_STANDARD = gnu11;
				GCC_DYNAMIC_NO_PIC = NO;
				GCC_NO_COMMON_BLOCKS = YES;
				GCC_OPTIMIZATION_LEVEL = 0;
				GCC_PREPROCESSOR_DEFINITIONS = (
					"DEBUG=1",
					"$(inherited)",
				);
				GCC_WARN_64_TO_32_BIT_CONVERSION = YES;
				GCC_WARN_ABOUT_RETURN_TYPE = YES_ERROR;
				GCC_WARN_UNDECLARED_SELECTOR = YES;
				GCC_WARN_UNINITIALIZED_AUTOS = YES_AGGRESSIVE;
				GCC_WARN_UNUSED_FUNCTION = YES;
				GCC_WARN_UNUSED_VARIABLE = YES;
				IPHONEOS_DEPLOYMENT_TARGET = 11.0;
				MTL_ENABLE_DEBUG_INFO = YES;
				ONLY_ACTIVE_ARCH = YES;
				SDKROOT = iphoneos;
				SWIFT_ACTIVE_COMPILATION_CONDITIONS = DEBUG;
				SWIFT_OPTIMIZATION_LEVEL = "-Onone";
			};
			name = Debug;
		};
		BE3808631FD9BFB600393EB8 /* Release */ = {
			isa = XCBuildConfiguration;
			buildSettings = {
				ALWAYS_SEARCH_USER_PATHS = NO;
				CLANG_ANALYZER_NONNULL = YES;
				CLANG_ANALYZER_NUMBER_OBJECT_CONVERSION = YES_AGGRESSIVE;
				CLANG_CXX_LANGUAGE_STANDARD = "gnu++14";
				CLANG_CXX_LIBRARY = "libc++";
				CLANG_ENABLE_MODULES = YES;
				CLANG_ENABLE_OBJC_ARC = YES;
				CLANG_WARN_BLOCK_CAPTURE_AUTORELEASING = YES;
				CLANG_WARN_BOOL_CONVERSION = YES;
				CLANG_WARN_COMMA = YES;
				CLANG_WARN_CONSTANT_CONVERSION = YES;
				CLANG_WARN_DIRECT_OBJC_ISA_USAGE = YES_ERROR;
				CLANG_WARN_DOCUMENTATION_COMMENTS = YES;
				CLANG_WARN_EMPTY_BODY = YES;
				CLANG_WARN_ENUM_CONVERSION = YES;
				CLANG_WARN_INFINITE_RECURSION = YES;
				CLANG_WARN_INT_CONVERSION = YES;
				CLANG_WARN_NON_LITERAL_NULL_CONVERSION = YES;
				CLANG_WARN_OBJC_LITERAL_CONVERSION = YES;
				CLANG_WARN_OBJC_ROOT_CLASS = YES_ERROR;
				CLANG_WARN_RANGE_LOOP_ANALYSIS = YES;
				CLANG_WARN_STRICT_PROTOTYPES = YES;
				CLANG_WARN_SUSPICIOUS_MOVE = YES;
				CLANG_WARN_UNGUARDED_AVAILABILITY = YES_AGGRESSIVE;
				CLANG_WARN_UNREACHABLE_CODE = YES;
				CLANG_WARN__DUPLICATE_METHOD_MATCH = YES;
				CODE_SIGN_IDENTITY = "iPhone Developer";
				COPY_PHASE_STRIP = NO;
				DEBUG_INFORMATION_FORMAT = "dwarf-with-dsym";
				ENABLE_NS_ASSERTIONS = NO;
				ENABLE_STRICT_OBJC_MSGSEND = YES;
				GCC_C_LANGUAGE_STANDARD = gnu11;
				GCC_NO_COMMON_BLOCKS = YES;
				GCC_WARN_64_TO_32_BIT_CONVERSION = YES;
				GCC_WARN_ABOUT_RETURN_TYPE = YES_ERROR;
				GCC_WARN_UNDECLARED_SELECTOR = YES;
				GCC_WARN_UNINITIALIZED_AUTOS = YES_AGGRESSIVE;
				GCC_WARN_UNUSED_FUNCTION = YES;
				GCC_WARN_UNUSED_VARIABLE = YES;
				IPHONEOS_DEPLOYMENT_TARGET = 11.0;
				MTL_ENABLE_DEBUG_INFO = NO;
				SDKROOT = iphoneos;
				SWIFT_OPTIMIZATION_LEVEL = "-Owholemodule";
				VALIDATE_PRODUCT = YES;
			};
			name = Release;
		};
		BE3808651FD9BFB600393EB8 /* Debug */ = {
			isa = XCBuildConfiguration;
			baseConfigurationReference = D73213876015994510AC49C0 /* Pods-Terminal.debug.xcconfig */;
			buildSettings = {
				ASSETCATALOG_COMPILER_APPICON_NAME = AppIcon;
				CODE_SIGN_ENTITLEMENTS = Terminal/Terminal.entitlements;
				"CODE_SIGN_IDENTITY[sdk=iphoneos*]" = "iPhone Developer";
				CODE_SIGN_STYLE = Automatic;
				DEVELOPMENT_TEAM = 6G5LMQ72D8;
				ENABLE_BITCODE = NO;
				INFOPLIST_FILE = Terminal/Info.plist;
				IPHONEOS_DEPLOYMENT_TARGET = 11.0;
				LD_RUNPATH_SEARCH_PATHS = "$(inherited) @executable_path/Frameworks";
				PRODUCT_BUNDLE_IDENTIFIER = com.silverfox.Terminal;
				PRODUCT_NAME = "$(TARGET_NAME)";
				PROVISIONING_PROFILE_SPECIFIER = "";
				SWIFT_VERSION = 4.0;
				TARGETED_DEVICE_FAMILY = "1,2";
			};
			name = Debug;
		};
		BE3808661FD9BFB600393EB8 /* Release */ = {
			isa = XCBuildConfiguration;
			baseConfigurationReference = 24F6A88F715402F565B82F26 /* Pods-Terminal.release.xcconfig */;
			buildSettings = {
				ASSETCATALOG_COMPILER_APPICON_NAME = AppIcon;
				CODE_SIGN_ENTITLEMENTS = Terminal/Terminal.entitlements;
				"CODE_SIGN_IDENTITY[sdk=iphoneos*]" = "iPhone Developer";
				CODE_SIGN_STYLE = Automatic;
				DEVELOPMENT_TEAM = 6G5LMQ72D8;
				ENABLE_BITCODE = NO;
				INFOPLIST_FILE = Terminal/Info.plist;
				IPHONEOS_DEPLOYMENT_TARGET = 11.0;
				LD_RUNPATH_SEARCH_PATHS = "$(inherited) @executable_path/Frameworks";
				PRODUCT_BUNDLE_IDENTIFIER = com.silverfox.Terminal;
				PRODUCT_NAME = "$(TARGET_NAME)";
				PROVISIONING_PROFILE_SPECIFIER = "";
				SWIFT_VERSION = 4.0;
				TARGETED_DEVICE_FAMILY = "1,2";
			};
			name = Release;
		};
/* End XCBuildConfiguration section */

/* Begin XCConfigurationList section */
		BE38084D1FD9BFB600393EB8 /* Build configuration list for PBXProject "Terminal" */ = {
			isa = XCConfigurationList;
			buildConfigurations = (
				BE3808621FD9BFB600393EB8 /* Debug */,
				BE3808631FD9BFB600393EB8 /* Release */,
			);
			defaultConfigurationIsVisible = 0;
			defaultConfigurationName = Release;
		};
		BE3808641FD9BFB600393EB8 /* Build configuration list for PBXNativeTarget "Terminal" */ = {
			isa = XCConfigurationList;
			buildConfigurations = (
				BE3808651FD9BFB600393EB8 /* Debug */,
				BE3808661FD9BFB600393EB8 /* Release */,
			);
			defaultConfigurationIsVisible = 0;
			defaultConfigurationName = Release;
		};
/* End XCConfigurationList section */
	};
	rootObject = BE38084A1FD9BFB600393EB8 /* Project object */;
}
