PODS:
  - BezierPathLength (1.1.0)
  - Cub (0.8.2)
  - HueKit (1.0.1)
  - InputAssistant (1.0.2)
  - PanelKit (2.0.1)
  - SavannaKit (0.8.0)
  - SimulatorStatusMagic (2.1)
  - SwiftLint (0.25.1)
  - TabView (1.0.1)

DEPENDENCIES:
  - BezierPathLength (~> 1.0)
  - Cub (~> 0.6)
  - HueKit (~> 1.0)
  - InputAssistant (~> 1.0)
  - PanelKit (~> 2.0)
  - SavannaKit (~> 0.6)
  - SimulatorStatusMagic (~> 2.0)
  - SwiftLint
  - TabView (~> 1.0)

SPEC REPOS:
  https://github.com/CocoaPods/Specs.git:
    - BezierPathLength
    - Cub
    - HueKit
    - InputAssistant
    - PanelKit
    - SavannaKit
    - SimulatorStatusMagic
    - SwiftLint
    - TabView

SPEC CHECKSUMS:
  BezierPathLength: 2f21f2860b0817df3cf631e9a3a9273c8e8c3814
  Cub: 2c5d6796ee14c96f67fe91977da65dab9d8738b6
  HueKit: a255770053f7028907db3e84d5cdecc7837197e4
  InputAssistant: b0b70cd0d69ef7013ecb2a1fa350b7a2786e2e01
  PanelKit: d05cecac1ab39af375b56ff21c7b5a9915a3eb5b
  SavannaKit: ba35f9a0132d69959851401e581bfaeaf36b2271
  SimulatorStatusMagic: 481558caf2b9ccb2ceba2cc193728d4db3dcac07
  SwiftLint: ce933681be10c3266e82576dad676fa815a602e9
  TabView: b8337b549e4b0f070a76cab141e258fa66e01fd1

PODFILE CHECKSUM: 8d1150ce05fa5e9edad9436f37d6df80173cfb24

COCOAPODS: 1.5.0
