// !$*UTF8*$!
{
	archiveVersion = 1;
	classes = {
	};
	objectVersion = 48;
	objects = {

/* Begin PBXBuildFile section */
		1C81BE5720225C3800D07301 /* Clipboard.swift in Sources */ = {isa = PBXBuildFile; fileRef = 1C81BE5620225C3800D07301 /* Clipboard.swift */; };
		28CDA426202444CC0055206D /* BookmarkViewController.swift in Sources */ = {isa = PBXBuildFile; fileRef = 28CDA425202444CC0055206D /* BookmarkViewController.swift */; };
		28CDA4292024B3510055206D /* BookmarkManager.swift in Sources */ = {isa = PBXBuildFile; fileRef = 28CDA4282024B3510055206D /* BookmarkManager.swift */; };
		3C1A47AA2031357500D7CC5C /* libawk.dylib in Embed Frameworks */ = {isa = PBXBuildFile; fileRef = 3C1A479F2031355700D7CC5C /* libawk.dylib */; settings = {ATTRIBUTES = (CodeSignOnCopy, ); }; };
		3C1A47AB2031357500D7CC5C /* libcurl.dylib in Embed Frameworks */ = {isa = PBXBuildFile; fileRef = 3C1A479E2031355700D7CC5C /* libcurl.dylib */; settings = {ATTRIBUTES = (CodeSignOnCopy, ); }; };
		3C1A47AC2031357500D7CC5C /* libfiles.dylib in Embed Frameworks */ = {isa = PBXBuildFile; fileRef = 3C1A47A02031355700D7CC5C /* libfiles.dylib */; settings = {ATTRIBUTES = (CodeSignOnCopy, ); }; };
		3C1A47AD2031357500D7CC5C /* libshell.dylib in Embed Frameworks */ = {isa = PBXBuildFile; fileRef = 3C1A47A12031355700D7CC5C /* libshell.dylib */; settings = {ATTRIBUTES = (CodeSignOnCopy, ); }; };
		3C1A47AE2031357500D7CC5C /* libssh_cmd.dylib in Embed Frameworks */ = {isa = PBXBuildFile; fileRef = 3C1A47A22031355700D7CC5C /* libssh_cmd.dylib */; settings = {ATTRIBUTES = (CodeSignOnCopy, ); }; };
		3C1A47AF2031357500D7CC5C /* libtar.dylib in Embed Frameworks */ = {isa = PBXBuildFile; fileRef = 3C1A47A32031355700D7CC5C /* libtar.dylib */; settings = {ATTRIBUTES = (CodeSignOnCopy, ); }; };
		3C1A47B02031357500D7CC5C /* ios_system.framework in Embed Frameworks */ = {isa = PBXBuildFile; fileRef = BE3768EE1FEC4DCE00D5A2D1 /* ios_system.framework */; settings = {ATTRIBUTES = (CodeSignOnCopy, RemoveHeadersOnCopy, ); }; };
		3C1A47B12031357500D7CC5C /* Pods_OpenTerm.framework in Embed Frameworks */ = {isa = PBXBuildFile; fileRef = FC01604DAC695ABD64544260 /* Pods_OpenTerm.framework */; settings = {ATTRIBUTES = (CodeSignOnCopy, RemoveHeadersOnCopy, ); }; };
		3C1A47B22031357B00D7CC5C /* ios_system.framework in Frameworks */ = {isa = PBXBuildFile; fileRef = BE3768EE1FEC4DCE00D5A2D1 /* ios_system.framework */; };
		3C1A47B520336F0F00D7CC5C /* libtext.dylib in Embed Frameworks */ = {isa = PBXBuildFile; fileRef = 3C1A47B320336F0200D7CC5C /* libtext.dylib */; settings = {ATTRIBUTES = (CodeSignOnCopy, ); }; };
		3C2E4374201EF67C00E4254A /* TerminalView+AutoComplete.swift in Sources */ = {isa = PBXBuildFile; fileRef = 3C2E4373201EF67C00E4254A /* TerminalView+AutoComplete.swift */; };
		3C2E4385201EFF4700E4254A /* AutoCompleteManager.swift in Sources */ = {isa = PBXBuildFile; fileRef = 3C2E4384201EFF4700E4254A /* AutoCompleteManager.swift */; };
		3C406E1A20207CE7005F97C4 /* CommandExecutor.swift in Sources */ = {isa = PBXBuildFile; fileRef = 3C406E1920207CE7005F97C4 /* CommandExecutor.swift */; };
		3C406E1D2020988B005F97C4 /* AutoCompleteManager+InputAssistant.swift in Sources */ = {isa = PBXBuildFile; fileRef = 3C406E1C2020988B005F97C4 /* AutoCompleteManager+InputAssistant.swift */; };
		3C905FCA20265BC60084BA63 /* StoreReviewPrompter.swift in Sources */ = {isa = PBXBuildFile; fileRef = 3C905FC920265BC60084BA63 /* StoreReviewPrompter.swift */; };
		3CA320FD201FE73900974B5F /* TerminalTextView.swift in Sources */ = {isa = PBXBuildFile; fileRef = 3CA320FC201FE73900974B5F /* TerminalTextView.swift */; };
		3CA320FF201FE8E100974B5F /* ScriptsViewController.swift in Sources */ = {isa = PBXBuildFile; fileRef = 3CA320FE201FE8E100974B5F /* ScriptsViewController.swift */; };
		3CA32102201FF6B100974B5F /* Script.swift in Sources */ = {isa = PBXBuildFile; fileRef = 3CA32101201FF6B100974B5F /* Script.swift */; };
		3CA32105201FFC1300974B5F /* ScriptEditViewController.swift in Sources */ = {isa = PBXBuildFile; fileRef = 3CA32104201FFC1300974B5F /* ScriptEditViewController.swift */; };
		3CA3210920211D5600974B5F /* ScriptExecutorCommand.swift in Sources */ = {isa = PBXBuildFile; fileRef = 3CA3210820211D5600974B5F /* ScriptExecutorCommand.swift */; };
		3CA3210B20212D4200974B5F /* CommandExecutionContext.swift in Sources */ = {isa = PBXBuildFile; fileRef = 3CA3210A20212D4200974B5F /* CommandExecutionContext.swift */; };
		3CE5764320225E1B00760E43 /* HistoryManager.swift in Sources */ = {isa = PBXBuildFile; fileRef = 3CE5764220225E1B00760E43 /* HistoryManager.swift */; };
		3CE5764820226A1500760E43 /* ANSITextState.swift in Sources */ = {isa = PBXBuildFile; fileRef = 3CE5764720226A1500760E43 /* ANSITextState.swift */; };
		3CE57680202A529200760E43 /* TerminalTabViewController.swift in Sources */ = {isa = PBXBuildFile; fileRef = 3C905FC42025CAEC0084BA63 /* TerminalTabViewController.swift */; };
		3CE57681202A52ED00760E43 /* TerminalViewController.swift in Sources */ = {isa = PBXBuildFile; fileRef = BE3808571FD9BFB600393EB8 /* TerminalViewController.swift */; };
		3CE5769E202A7EC500760E43 /* Parser.swift in Sources */ = {isa = PBXBuildFile; fileRef = 3CE5769D202A7EC500760E43 /* Parser.swift */; };
		3CE576A0202A874C00760E43 /* OutputSanitizer.swift in Sources */ = {isa = PBXBuildFile; fileRef = 3CE5769F202A874C00760E43 /* OutputSanitizer.swift */; };
		5A38CC73C499E1A878353871 /* Pods_OpenTerm.framework in Frameworks */ = {isa = PBXBuildFile; fileRef = FC01604DAC695ABD64544260 /* Pods_OpenTerm.framework */; };
		BE165408201909040067EC92 /* xCallBackUrl.swift in Sources */ = {isa = PBXBuildFile; fileRef = BE165407201909030067EC92 /* xCallBackUrl.swift */; };
		BE244DC8201FBB6000A7EA4E /* cacert.pem in Resources */ = {isa = PBXBuildFile; fileRef = BE244DC7201FBB6000A7EA4E /* cacert.pem */; };
		BE3808561FD9BFB600393EB8 /* AppDelegate.swift in Sources */ = {isa = PBXBuildFile; fileRef = BE3808551FD9BFB600393EB8 /* AppDelegate.swift */; };
		BE38085B1FD9BFB600393EB8 /* Main.storyboard in Resources */ = {isa = PBXBuildFile; fileRef = BE3808591FD9BFB600393EB8 /* Main.storyboard */; };
		BE38085D1FD9BFB600393EB8 /* Assets.xcassets in Resources */ = {isa = PBXBuildFile; fileRef = BE38085C1FD9BFB600393EB8 /* Assets.xcassets */; };
		BE3808601FD9BFB600393EB8 /* LaunchScreen.storyboard in Resources */ = {isa = PBXBuildFile; fileRef = BE38085E1FD9BFB600393EB8 /* LaunchScreen.storyboard */; };
		BE505066201E5ED900CDFC60 /* Share.swift in Sources */ = {isa = PBXBuildFile; fileRef = BE505065201E5ED900CDFC60 /* Share.swift */; };
		BE8E66FC206196A7007B14E6 /* Notification+Names.swift in Sources */ = {isa = PBXBuildFile; fileRef = BE8E66FB206196A7007B14E6 /* Notification+Names.swift */; };
		BE8E66FE206196B8007B14E6 /* UIDevice+Name.swift in Sources */ = {isa = PBXBuildFile; fileRef = BE8E66FD206196B8007B14E6 /* UIDevice+Name.swift */; };
		BE8E6700206196D5007B14E6 /* Bundle+Info.swift in Sources */ = {isa = PBXBuildFile; fileRef = BE8E66FF206196D5007B14E6 /* Bundle+Info.swift */; };
		BE9275062013961D00BD2761 /* UserDefaultsController.swift in Sources */ = {isa = PBXBuildFile; fileRef = BE9275052013961D00BD2761 /* UserDefaultsController.swift */; };
		BEA14A69202CEE5800AB7351 /* Cub+SavannaKit.swift in Sources */ = {isa = PBXBuildFile; fileRef = BEA14A68202CEE5800AB7351 /* Cub+SavannaKit.swift */; };
		BEA499261FD9C4D7001B9B9D /* DocumentManager.swift in Sources */ = {isa = PBXBuildFile; fileRef = BEA499251FD9C4D7001B9B9D /* DocumentManager.swift */; };
		BEA4992C1FDC0918001B9B9D /* icon-320.png in Resources */ = {isa = PBXBuildFile; fileRef = BEA4992B1FDC0918001B9B9D /* icon-320.png */; };
		BEA4992E1FDC305B001B9B9D /* KeyboardObserver.swift in Sources */ = {isa = PBXBuildFile; fileRef = BEA4992D1FDC305B001B9B9D /* KeyboardObserver.swift */; };
		BEA499301FDC3B93001B9B9D /* TerminalView.swift in Sources */ = {isa = PBXBuildFile; fileRef = BEA4992F1FDC3B93001B9B9D /* TerminalView.swift */; };
		BEA8E2912001348C00002475 /* UIColor+AssetCatalog.swift in Sources */ = {isa = PBXBuildFile; fileRef = BEA8E2902001348C00002475 /* UIColor+AssetCatalog.swift */; };
		BEBBA1F9206048960024CFBD /* libnetwork_ios.dylib in Embed Frameworks */ = {isa = PBXBuildFile; fileRef = BEBBA1F8206048960024CFBD /* libnetwork_ios.dylib */; settings = {ATTRIBUTES = (CodeSignOnCopy, ); }; };
		BEC75BFD202B716600216462 /* OpenTermTests.swift in Sources */ = {isa = PBXBuildFile; fileRef = BEC75BFC202B716600216462 /* OpenTermTests.swift */; };
		BEE563D62062E4CD003399AA /* openssl.framework in Frameworks */ = {isa = PBXBuildFile; fileRef = BEE563D42062E4CC003399AA /* openssl.framework */; };
		BEE563D72062E4CD003399AA /* openssl.framework in Embed Frameworks */ = {isa = PBXBuildFile; fileRef = BEE563D42062E4CC003399AA /* openssl.framework */; settings = {ATTRIBUTES = (CodeSignOnCopy, RemoveHeadersOnCopy, ); }; };
		BEE563D82062E4CD003399AA /* libssh2.framework in Frameworks */ = {isa = PBXBuildFile; fileRef = BEE563D52062E4CC003399AA /* libssh2.framework */; };
		BEE563D92062E4CD003399AA /* libssh2.framework in Embed Frameworks */ = {isa = PBXBuildFile; fileRef = BEE563D52062E4CC003399AA /* libssh2.framework */; settings = {ATTRIBUTES = (CodeSignOnCopy, RemoveHeadersOnCopy, ); }; };
		BEECFF0A1FFC1DC0009608B3 /* HistoryViewController.swift in Sources */ = {isa = PBXBuildFile; fileRef = BEECFF091FFC1DC0009608B3 /* HistoryViewController.swift */; };
		BEECFF391FFEC187009608B3 /* SettingsViewController.swift in Sources */ = {isa = PBXBuildFile; fileRef = BEECFF381FFEC187009608B3 /* SettingsViewController.swift */; };
		F456629E200B9BC500C574AA /* ColorDisplayView.swift in Sources */ = {isa = PBXBuildFile; fileRef = F456629D200B9BC500C574AA /* ColorDisplayView.swift */; };
		F4602B41200A08D0009D0547 /* ColorPickerViewController.swift in Sources */ = {isa = PBXBuildFile; fileRef = F4602B40200A08D0009D0547 /* ColorPickerViewController.swift */; };
		F4602B49200A63FC009D0547 /* UserDefaults+UIColor.swift in Sources */ = {isa = PBXBuildFile; fileRef = F4602B48200A63FC009D0547 /* UserDefaults+UIColor.swift */; };
/* End PBXBuildFile section */

/* Begin PBXContainerItemProxy section */
		BEC75BFF202B716600216462 /* PBXContainerItemProxy */ = {
			isa = PBXContainerItemProxy;
			containerPortal = BE38084A1FD9BFB600393EB8 /* Project object */;
			proxyType = 1;
			remoteGlobalIDString = BE3808511FD9BFB600393EB8;
			remoteInfo = OpenTerm;
		};
/* End PBXContainerItemProxy section */

/* Begin PBXCopyFilesBuildPhase section */
		BE000C0B1FEC4F7000D06B91 /* Embed Frameworks */ = {
			isa = PBXCopyFilesBuildPhase;
			buildActionMask = 2147483647;
			dstPath = "";
			dstSubfolderSpec = 10;
			files = (
				BEE563D92062E4CD003399AA /* libssh2.framework in Embed Frameworks */,
				3C1A47AA2031357500D7CC5C /* libawk.dylib in Embed Frameworks */,
				BEE563D72062E4CD003399AA /* openssl.framework in Embed Frameworks */,
				3C1A47AB2031357500D7CC5C /* libcurl.dylib in Embed Frameworks */,
				3C1A47AC2031357500D7CC5C /* libfiles.dylib in Embed Frameworks */,
				BEBBA1F9206048960024CFBD /* libnetwork_ios.dylib in Embed Frameworks */,
				3C1A47AD2031357500D7CC5C /* libshell.dylib in Embed Frameworks */,
				3C1A47AE2031357500D7CC5C /* libssh_cmd.dylib in Embed Frameworks */,
				3C1A47AF2031357500D7CC5C /* libtar.dylib in Embed Frameworks */,
				3C1A47B520336F0F00D7CC5C /* libtext.dylib in Embed Frameworks */,
				3C1A47B02031357500D7CC5C /* ios_system.framework in Embed Frameworks */,
				3C1A47B12031357500D7CC5C /* Pods_OpenTerm.framework in Embed Frameworks */,
			);
			name = "Embed Frameworks";
			runOnlyForDeploymentPostprocessing = 0;
		};
/* End PBXCopyFilesBuildPhase section */

/* Begin PBXFileReference section */
		1C81BE5620225C3800D07301 /* Clipboard.swift */ = {isa = PBXFileReference; lastKnownFileType = sourcecode.swift; path = Clipboard.swift; sourceTree = "<group>"; };
		28CDA425202444CC0055206D /* BookmarkViewController.swift */ = {isa = PBXFileReference; fileEncoding = 4; lastKnownFileType = sourcecode.swift; path = BookmarkViewController.swift; sourceTree = "<group>"; };
		28CDA4282024B3510055206D /* BookmarkManager.swift */ = {isa = PBXFileReference; lastKnownFileType = sourcecode.swift; path = BookmarkManager.swift; sourceTree = "<group>"; };
		3C1A479E2031355700D7CC5C /* libcurl.dylib */ = {isa = PBXFileReference; lastKnownFileType = "compiled.mach-o.dylib"; path = libcurl.dylib; sourceTree = BUILT_PRODUCTS_DIR; };
		3C1A479F2031355700D7CC5C /* libawk.dylib */ = {isa = PBXFileReference; lastKnownFileType = "compiled.mach-o.dylib"; path = libawk.dylib; sourceTree = BUILT_PRODUCTS_DIR; };
		3C1A47A02031355700D7CC5C /* libfiles.dylib */ = {isa = PBXFileReference; lastKnownFileType = "compiled.mach-o.dylib"; path = libfiles.dylib; sourceTree = BUILT_PRODUCTS_DIR; };
		3C1A47A12031355700D7CC5C /* libshell.dylib */ = {isa = PBXFileReference; lastKnownFileType = "compiled.mach-o.dylib"; path = libshell.dylib; sourceTree = BUILT_PRODUCTS_DIR; };
		3C1A47A22031355700D7CC5C /* libssh_cmd.dylib */ = {isa = PBXFileReference; lastKnownFileType = "compiled.mach-o.dylib"; path = libssh_cmd.dylib; sourceTree = BUILT_PRODUCTS_DIR; };
		3C1A47A32031355700D7CC5C /* libtar.dylib */ = {isa = PBXFileReference; lastKnownFileType = "compiled.mach-o.dylib"; path = libtar.dylib; sourceTree = BUILT_PRODUCTS_DIR; };
		3C1A47B320336F0200D7CC5C /* libtext.dylib */ = {isa = PBXFileReference; lastKnownFileType = "compiled.mach-o.dylib"; path = libtext.dylib; sourceTree = BUILT_PRODUCTS_DIR; };
		3C2E4373201EF67C00E4254A /* TerminalView+AutoComplete.swift */ = {isa = PBXFileReference; lastKnownFileType = sourcecode.swift; path = "TerminalView+AutoComplete.swift"; sourceTree = "<group>"; };
		3C2E4384201EFF4700E4254A /* AutoCompleteManager.swift */ = {isa = PBXFileReference; lastKnownFileType = sourcecode.swift; path = AutoCompleteManager.swift; sourceTree = "<group>"; };
		3C406E1920207CE7005F97C4 /* CommandExecutor.swift */ = {isa = PBXFileReference; lastKnownFileType = sourcecode.swift; path = CommandExecutor.swift; sourceTree = "<group>"; };
		3C406E1C2020988B005F97C4 /* AutoCompleteManager+InputAssistant.swift */ = {isa = PBXFileReference; lastKnownFileType = sourcecode.swift; path = "AutoCompleteManager+InputAssistant.swift"; sourceTree = "<group>"; };
		3C905FC42025CAEC0084BA63 /* TerminalTabViewController.swift */ = {isa = PBXFileReference; lastKnownFileType = sourcecode.swift; path = TerminalTabViewController.swift; sourceTree = "<group>"; };
		3C905FC920265BC60084BA63 /* StoreReviewPrompter.swift */ = {isa = PBXFileReference; lastKnownFileType = sourcecode.swift; path = StoreReviewPrompter.swift; sourceTree = "<group>"; };
		3CA320FC201FE73900974B5F /* TerminalTextView.swift */ = {isa = PBXFileReference; lastKnownFileType = sourcecode.swift; path = TerminalTextView.swift; sourceTree = "<group>"; };
		3CA320FE201FE8E100974B5F /* ScriptsViewController.swift */ = {isa = PBXFileReference; lastKnownFileType = sourcecode.swift; path = ScriptsViewController.swift; sourceTree = "<group>"; };
		3CA32101201FF6B100974B5F /* Script.swift */ = {isa = PBXFileReference; lastKnownFileType = sourcecode.swift; path = Script.swift; sourceTree = "<group>"; };
		3CA32104201FFC1300974B5F /* ScriptEditViewController.swift */ = {isa = PBXFileReference; lastKnownFileType = sourcecode.swift; path = ScriptEditViewController.swift; sourceTree = "<group>"; };
		3CA3210820211D5600974B5F /* ScriptExecutorCommand.swift */ = {isa = PBXFileReference; lastKnownFileType = sourcecode.swift; path = ScriptExecutorCommand.swift; sourceTree = "<group>"; };
		3CA3210A20212D4200974B5F /* CommandExecutionContext.swift */ = {isa = PBXFileReference; lastKnownFileType = sourcecode.swift; path = CommandExecutionContext.swift; sourceTree = "<group>"; };
		3CE5764220225E1B00760E43 /* HistoryManager.swift */ = {isa = PBXFileReference; fileEncoding = 4; lastKnownFileType = sourcecode.swift; path = HistoryManager.swift; sourceTree = "<group>"; };
		3CE5764720226A1500760E43 /* ANSITextState.swift */ = {isa = PBXFileReference; lastKnownFileType = sourcecode.swift; path = ANSITextState.swift; sourceTree = "<group>"; };
		3CE5769D202A7EC500760E43 /* Parser.swift */ = {isa = PBXFileReference; lastKnownFileType = sourcecode.swift; path = Parser.swift; sourceTree = "<group>"; };
		3CE5769F202A874C00760E43 /* OutputSanitizer.swift */ = {isa = PBXFileReference; lastKnownFileType = sourcecode.swift; path = OutputSanitizer.swift; sourceTree = "<group>"; };
		448CC7691FD84EB5D2C24705 /* Pods-OpenTerm.debug.xcconfig */ = {isa = PBXFileReference; includeInIndex = 1; lastKnownFileType = text.xcconfig; name = "Pods-OpenTerm.debug.xcconfig"; path = "Pods/Target Support Files/Pods-OpenTerm/Pods-OpenTerm.debug.xcconfig"; sourceTree = "<group>"; };
		BE165407201909030067EC92 /* xCallBackUrl.swift */ = {isa = PBXFileReference; fileEncoding = 4; lastKnownFileType = sourcecode.swift; path = xCallBackUrl.swift; sourceTree = "<group>"; };
		BE244DC7201FBB6000A7EA4E /* cacert.pem */ = {isa = PBXFileReference; fileEncoding = 4; lastKnownFileType = text; path = cacert.pem; sourceTree = "<group>"; };
		BE3768EE1FEC4DCE00D5A2D1 /* ios_system.framework */ = {isa = PBXFileReference; explicitFileType = wrapper.framework; path = ios_system.framework; sourceTree = BUILT_PRODUCTS_DIR; };
		BE3808521FD9BFB600393EB8 /* OpenTerm.app */ = {isa = PBXFileReference; explicitFileType = wrapper.application; includeInIndex = 0; path = OpenTerm.app; sourceTree = BUILT_PRODUCTS_DIR; };
		BE3808551FD9BFB600393EB8 /* AppDelegate.swift */ = {isa = PBXFileReference; lastKnownFileType = sourcecode.swift; path = AppDelegate.swift; sourceTree = "<group>"; };
		BE3808571FD9BFB600393EB8 /* TerminalViewController.swift */ = {isa = PBXFileReference; lastKnownFileType = sourcecode.swift; path = TerminalViewController.swift; sourceTree = "<group>"; };
		BE38085A1FD9BFB600393EB8 /* Base */ = {isa = PBXFileReference; lastKnownFileType = file.storyboard; name = Base; path = Base.lproj/Main.storyboard; sourceTree = "<group>"; };
		BE38085C1FD9BFB600393EB8 /* Assets.xcassets */ = {isa = PBXFileReference; lastKnownFileType = folder.assetcatalog; path = Assets.xcassets; sourceTree = "<group>"; };
		BE38085F1FD9BFB600393EB8 /* Base */ = {isa = PBXFileReference; lastKnownFileType = file.storyboard; name = Base; path = Base.lproj/LaunchScreen.storyboard; sourceTree = "<group>"; };
		BE3808611FD9BFB600393EB8 /* Info.plist */ = {isa = PBXFileReference; lastKnownFileType = text.plist.xml; path = Info.plist; sourceTree = "<group>"; };
		BE505065201E5ED900CDFC60 /* Share.swift */ = {isa = PBXFileReference; lastKnownFileType = sourcecode.swift; path = Share.swift; sourceTree = "<group>"; };
		BE8E66FB206196A7007B14E6 /* Notification+Names.swift */ = {isa = PBXFileReference; lastKnownFileType = sourcecode.swift; path = "Notification+Names.swift"; sourceTree = "<group>"; };
		BE8E66FD206196B8007B14E6 /* UIDevice+Name.swift */ = {isa = PBXFileReference; lastKnownFileType = sourcecode.swift; path = "UIDevice+Name.swift"; sourceTree = "<group>"; };
		BE8E66FF206196D5007B14E6 /* Bundle+Info.swift */ = {isa = PBXFileReference; lastKnownFileType = sourcecode.swift; path = "Bundle+Info.swift"; sourceTree = "<group>"; };
		BE9275052013961D00BD2761 /* UserDefaultsController.swift */ = {isa = PBXFileReference; lastKnownFileType = sourcecode.swift; path = UserDefaultsController.swift; sourceTree = "<group>"; };
		BEA14A68202CEE5800AB7351 /* Cub+SavannaKit.swift */ = {isa = PBXFileReference; fileEncoding = 4; lastKnownFileType = sourcecode.swift; path = "Cub+SavannaKit.swift"; sourceTree = "<group>"; };
		BEA499241FD9C46C001B9B9D /* OpenTerm.entitlements */ = {isa = PBXFileReference; lastKnownFileType = text.plist.entitlements; path = OpenTerm.entitlements; sourceTree = "<group>"; };
		BEA499251FD9C4D7001B9B9D /* DocumentManager.swift */ = {isa = PBXFileReference; lastKnownFileType = sourcecode.swift; path = DocumentManager.swift; sourceTree = "<group>"; };
		BEA4992B1FDC0918001B9B9D /* icon-320.png */ = {isa = PBXFileReference; lastKnownFileType = image.png; path = "icon-320.png"; sourceTree = "<group>"; };
		BEA4992D1FDC305B001B9B9D /* KeyboardObserver.swift */ = {isa = PBXFileReference; lastKnownFileType = sourcecode.swift; path = KeyboardObserver.swift; sourceTree = "<group>"; };
		BEA4992F1FDC3B93001B9B9D /* TerminalView.swift */ = {isa = PBXFileReference; lastKnownFileType = sourcecode.swift; path = TerminalView.swift; sourceTree = "<group>"; };
		BEA8E2902001348C00002475 /* UIColor+AssetCatalog.swift */ = {isa = PBXFileReference; lastKnownFileType = sourcecode.swift; path = "UIColor+AssetCatalog.swift"; sourceTree = "<group>"; };
		BEBBA1F72060477B0024CFBD /* libnetwork_ios.dylib */ = {isa = PBXFileReference; explicitFileType = archive.ar; path = libnetwork_ios.dylib; sourceTree = BUILT_PRODUCTS_DIR; };
		BEBBA1F8206048960024CFBD /* libnetwork_ios.dylib */ = {isa = PBXFileReference; lastKnownFileType = "compiled.mach-o.dylib"; path = libnetwork_ios.dylib; sourceTree = BUILT_PRODUCTS_DIR; };
		BEC75BFA202B716600216462 /* OpenTermTests.xctest */ = {isa = PBXFileReference; explicitFileType = wrapper.cfbundle; includeInIndex = 0; path = OpenTermTests.xctest; sourceTree = BUILT_PRODUCTS_DIR; };
		BEC75BFC202B716600216462 /* OpenTermTests.swift */ = {isa = PBXFileReference; lastKnownFileType = sourcecode.swift; path = OpenTermTests.swift; sourceTree = "<group>"; };
		BEC75BFE202B716600216462 /* Info.plist */ = {isa = PBXFileReference; lastKnownFileType = text.plist.xml; path = Info.plist; sourceTree = "<group>"; };
		BEE563D42062E4CC003399AA /* openssl.framework */ = {isa = PBXFileReference; lastKnownFileType = wrapper.framework; name = openssl.framework; path = Dependencies/ios_system/Frameworks/openssl.framework; sourceTree = "<group>"; };
		BEE563D52062E4CC003399AA /* libssh2.framework */ = {isa = PBXFileReference; lastKnownFileType = wrapper.framework; name = libssh2.framework; path = Dependencies/ios_system/Frameworks/libssh2.framework; sourceTree = "<group>"; };
		BEECFF091FFC1DC0009608B3 /* HistoryViewController.swift */ = {isa = PBXFileReference; lastKnownFileType = sourcecode.swift; name = HistoryViewController.swift; path = OpenTerm/Controller/History/HistoryViewController.swift; sourceTree = SOURCE_ROOT; };
		BEECFF381FFEC187009608B3 /* SettingsViewController.swift */ = {isa = PBXFileReference; lastKnownFileType = sourcecode.swift; name = SettingsViewController.swift; path = OpenTerm/Controller/Settings/SettingsViewController.swift; sourceTree = SOURCE_ROOT; };
		D4433523D5E174B363623AD4 /* Pods-OpenTerm.release.xcconfig */ = {isa = PBXFileReference; includeInIndex = 1; lastKnownFileType = text.xcconfig; name = "Pods-OpenTerm.release.xcconfig"; path = "Pods/Target Support Files/Pods-OpenTerm/Pods-OpenTerm.release.xcconfig"; sourceTree = "<group>"; };
		F456629D200B9BC500C574AA /* ColorDisplayView.swift */ = {isa = PBXFileReference; lastKnownFileType = sourcecode.swift; path = ColorDisplayView.swift; sourceTree = "<group>"; };
		F4602B40200A08D0009D0547 /* ColorPickerViewController.swift */ = {isa = PBXFileReference; lastKnownFileType = sourcecode.swift; path = ColorPickerViewController.swift; sourceTree = "<group>"; };
		F4602B48200A63FC009D0547 /* UserDefaults+UIColor.swift */ = {isa = PBXFileReference; lastKnownFileType = sourcecode.swift; path = "UserDefaults+UIColor.swift"; sourceTree = "<group>"; };
		FC01604DAC695ABD64544260 /* Pods_OpenTerm.framework */ = {isa = PBXFileReference; explicitFileType = wrapper.framework; includeInIndex = 0; path = Pods_OpenTerm.framework; sourceTree = BUILT_PRODUCTS_DIR; };
/* End PBXFileReference section */

/* Begin PBXFrameworksBuildPhase section */
		BE38084F1FD9BFB600393EB8 /* Frameworks */ = {
			isa = PBXFrameworksBuildPhase;
			buildActionMask = 2147483647;
			files = (
				BEE563D82062E4CD003399AA /* libssh2.framework in Frameworks */,
				BEE563D62062E4CD003399AA /* openssl.framework in Frameworks */,
				5A38CC73C499E1A878353871 /* Pods_OpenTerm.framework in Frameworks */,
				3C1A47B22031357B00D7CC5C /* ios_system.framework in Frameworks */,
			);
			runOnlyForDeploymentPostprocessing = 0;
		};
		BEC75BF7202B716600216462 /* Frameworks */ = {
			isa = PBXFrameworksBuildPhase;
			buildActionMask = 2147483647;
			files = (
			);
			runOnlyForDeploymentPostprocessing = 0;
		};
/* End PBXFrameworksBuildPhase section */

/* Begin PBXGroup section */
		28CDA4272024B33D0055206D /* Bookmarks */ = {
			isa = PBXGroup;
			children = (
				28CDA4282024B3510055206D /* BookmarkManager.swift */,
			);
			path = Bookmarks;
			sourceTree = "<group>";
		};
		3C15E37C2026CE4F003216CF /* Commands */ = {
			isa = PBXGroup;
			children = (
				1C81BE5620225C3800D07301 /* Clipboard.swift */,
				BE165407201909030067EC92 /* xCallBackUrl.swift */,
				BE505065201E5ED900CDFC60 /* Share.swift */,
			);
			path = Commands;
			sourceTree = "<group>";
		};
		3C406E1820207CDA005F97C4 /* Execution */ = {
			isa = PBXGroup;
			children = (
				3C406E1920207CE7005F97C4 /* CommandExecutor.swift */,
				3CA3210A20212D4200974B5F /* CommandExecutionContext.swift */,
			);
			path = Execution;
			sourceTree = "<group>";
		};
		3C406E1B2020987B005F97C4 /* AutoComplete */ = {
			isa = PBXGroup;
			children = (
				3C2E4384201EFF4700E4254A /* AutoCompleteManager.swift */,
				3C406E1C2020988B005F97C4 /* AutoCompleteManager+InputAssistant.swift */,
			);
			path = AutoComplete;
			sourceTree = "<group>";
		};
		3C905FC62025CB5A0084BA63 /* Settings */ = {
			isa = PBXGroup;
			children = (
				BEECFF381FFEC187009608B3 /* SettingsViewController.swift */,
				F4602B40200A08D0009D0547 /* ColorPickerViewController.swift */,
			);
			path = Settings;
			sourceTree = "<group>";
		};
		3C905FCB2026908B0084BA63 /* History */ = {
			isa = PBXGroup;
			children = (
				BEECFF091FFC1DC0009608B3 /* HistoryViewController.swift */,
			);
			path = History;
			sourceTree = "<group>";
		};
		3CA32100201FF6A100974B5F /* Scripting */ = {
			isa = PBXGroup;
			children = (
				3CA32101201FF6B100974B5F /* Script.swift */,
				3CA3210820211D5600974B5F /* ScriptExecutorCommand.swift */,
				BEA14A68202CEE5800AB7351 /* Cub+SavannaKit.swift */,
			);
			path = Scripting;
			sourceTree = "<group>";
		};
		3CA32103201FFC0300974B5F /* Scripting */ = {
			isa = PBXGroup;
			children = (
				3CA320FE201FE8E100974B5F /* ScriptsViewController.swift */,
				3CA32104201FFC1300974B5F /* ScriptEditViewController.swift */,
			);
			path = Scripting;
			sourceTree = "<group>";
		};
		3CE5764120225E1B00760E43 /* History */ = {
			isa = PBXGroup;
			children = (
				3CE5764220225E1B00760E43 /* HistoryManager.swift */,
			);
			path = History;
			sourceTree = "<group>";
		};
		3CE576442022607000760E43 /* Parsing & Formatting */ = {
			isa = PBXGroup;
			children = (
				3CE5764720226A1500760E43 /* ANSITextState.swift */,
				3CE5769D202A7EC500760E43 /* Parser.swift */,
				3CE5769F202A874C00760E43 /* OutputSanitizer.swift */,
			);
			path = "Parsing & Formatting";
			sourceTree = "<group>";
		};
		3CE5767F202A436300760E43 /* Bookmarks */ = {
			isa = PBXGroup;
			children = (
				28CDA425202444CC0055206D /* BookmarkViewController.swift */,
			);
			path = Bookmarks;
			sourceTree = "<group>";
		};
		BE244DC6201FBB4F00A7EA4E /* Default certs */ = {
			isa = PBXGroup;
			children = (
				BE244DC7201FBB6000A7EA4E /* cacert.pem */,
			);
			path = "Default certs";
			sourceTree = "<group>";
		};
		BE3768EC1FEC4DCE00D5A2D1 /* Frameworks */ = {
			isa = PBXGroup;
			children = (
				BEBBA1F72060477B0024CFBD /* libnetwork_ios.dylib */,
				3C1A47B320336F0200D7CC5C /* libtext.dylib */,
				3C1A479F2031355700D7CC5C /* libawk.dylib */,
				3C1A479E2031355700D7CC5C /* libcurl.dylib */,
				3C1A47A02031355700D7CC5C /* libfiles.dylib */,
				3C1A47A12031355700D7CC5C /* libshell.dylib */,
				3C1A47A22031355700D7CC5C /* libssh_cmd.dylib */,
				3C1A47A32031355700D7CC5C /* libtar.dylib */,
				BE3768EE1FEC4DCE00D5A2D1 /* ios_system.framework */,
				FC01604DAC695ABD64544260 /* Pods_OpenTerm.framework */,
			);
			name = Frameworks;
			sourceTree = "<group>";
		};
		BE3808491FD9BFB600393EB8 = {
			isa = PBXGroup;
			children = (
				BEE563D52062E4CC003399AA /* libssh2.framework */,
				BEE563D42062E4CC003399AA /* openssl.framework */,
				BEBBA1F8206048960024CFBD /* libnetwork_ios.dylib */,
				BE3808541FD9BFB600393EB8 /* OpenTerm */,
				BEC75BFB202B716600216462 /* OpenTermTests */,
				BE3808531FD9BFB600393EB8 /* Products */,
				BE3768EC1FEC4DCE00D5A2D1 /* Frameworks */,
				EDE154E4BB3A66786AACAA5C /* Pods */,
			);
			sourceTree = "<group>";
			usesTabs = 1;
		};
		BE3808531FD9BFB600393EB8 /* Products */ = {
			isa = PBXGroup;
			children = (
				BE3808521FD9BFB600393EB8 /* OpenTerm.app */,
				BEC75BFA202B716600216462 /* OpenTermTests.xctest */,
			);
			name = Products;
			sourceTree = "<group>";
		};
		BE3808541FD9BFB600393EB8 /* OpenTerm */ = {
			isa = PBXGroup;
			children = (
				3C15E37C2026CE4F003216CF /* Commands */,
				BE244DC6201FBB4F00A7EA4E /* Default certs */,
				BEA8E28F2001346D00002475 /* Util */,
				BEA8E28E2001345700002475 /* View */,
				BEA8E28D2001344400002475 /* Controller */,
				BEA4992B1FDC0918001B9B9D /* icon-320.png */,
				BEA499241FD9C46C001B9B9D /* OpenTerm.entitlements */,
				BE3808551FD9BFB600393EB8 /* AppDelegate.swift */,
				BE3808591FD9BFB600393EB8 /* Main.storyboard */,
				BE38085C1FD9BFB600393EB8 /* Assets.xcassets */,
				BE38085E1FD9BFB600393EB8 /* LaunchScreen.storyboard */,
				BE3808611FD9BFB600393EB8 /* Info.plist */,
			);
			path = OpenTerm;
			sourceTree = "<group>";
		};
		BEA8E28D2001344400002475 /* Controller */ = {
			isa = PBXGroup;
			children = (
				3CE5767F202A436300760E43 /* Bookmarks */,
				3C905FCB2026908B0084BA63 /* History */,
				3C905FC62025CB5A0084BA63 /* Settings */,
				3CA32103201FFC0300974B5F /* Scripting */,
				3C905FC42025CAEC0084BA63 /* TerminalTabViewController.swift */,
				BE3808571FD9BFB600393EB8 /* TerminalViewController.swift */,
			);
			path = Controller;
			sourceTree = "<group>";
		};
		BEA8E28E2001345700002475 /* View */ = {
			isa = PBXGroup;
			children = (
				BEA4992F1FDC3B93001B9B9D /* TerminalView.swift */,
				3C2E4373201EF67C00E4254A /* TerminalView+AutoComplete.swift */,
				F456629D200B9BC500C574AA /* ColorDisplayView.swift */,
				3CA320FC201FE73900974B5F /* TerminalTextView.swift */,
			);
			path = View;
			sourceTree = "<group>";
		};
		BEA8E28F2001346D00002475 /* Util */ = {
			isa = PBXGroup;
			children = (
				3CE576442022607000760E43 /* Parsing & Formatting */,
				3C406E1B2020987B005F97C4 /* AutoComplete */,
				3C406E1820207CDA005F97C4 /* Execution */,
				3CA32100201FF6A100974B5F /* Scripting */,
				3CE5764120225E1B00760E43 /* History */,
				28CDA4272024B33D0055206D /* Bookmarks */,
				BEA8E2902001348C00002475 /* UIColor+AssetCatalog.swift */,
				F4602B48200A63FC009D0547 /* UserDefaults+UIColor.swift */,
				BEA4992D1FDC305B001B9B9D /* KeyboardObserver.swift */,
				BEA499251FD9C4D7001B9B9D /* DocumentManager.swift */,
				BE9275052013961D00BD2761 /* UserDefaultsController.swift */,
				3C905FC920265BC60084BA63 /* StoreReviewPrompter.swift */,
				BE8E66FB206196A7007B14E6 /* Notification+Names.swift */,
				BE8E66FD206196B8007B14E6 /* UIDevice+Name.swift */,
				BE8E66FF206196D5007B14E6 /* Bundle+Info.swift */,
			);
			path = Util;
			sourceTree = "<group>";
		};
		BEC75BFB202B716600216462 /* OpenTermTests */ = {
			isa = PBXGroup;
			children = (
				BEC75BFC202B716600216462 /* OpenTermTests.swift */,
				BEC75BFE202B716600216462 /* Info.plist */,
			);
			path = OpenTermTests;
			sourceTree = "<group>";
		};
		EDE154E4BB3A66786AACAA5C /* Pods */ = {
			isa = PBXGroup;
			children = (
				448CC7691FD84EB5D2C24705 /* Pods-OpenTerm.debug.xcconfig */,
				D4433523D5E174B363623AD4 /* Pods-OpenTerm.release.xcconfig */,
			);
			name = Pods;
			sourceTree = "<group>";
		};
/* End PBXGroup section */

/* Begin PBXNativeTarget section */
		BE3808511FD9BFB600393EB8 /* OpenTerm */ = {
			isa = PBXNativeTarget;
			buildConfigurationList = BE3808641FD9BFB600393EB8 /* Build configuration list for PBXNativeTarget "OpenTerm" */;
			buildPhases = (
				4B5DFD929D217199A76A3C45 /* [CP] Check Pods Manifest.lock */,
				BE38084E1FD9BFB600393EB8 /* Sources */,
				BE38084F1FD9BFB600393EB8 /* Frameworks */,
				BE3808501FD9BFB600393EB8 /* Resources */,
				BE000C0B1FEC4F7000D06B91 /* Embed Frameworks */,
				7E594A5DD24920828A657E90 /* [CP] Embed Pods Frameworks */,
				0817298A6DFC720C403FB709 /* [CP] Copy Pods Resources */,
				BEE23C96202A35AD00D038C6 /* SwiftLint */,
			);
			buildRules = (
			);
			dependencies = (
			);
			name = OpenTerm;
			productName = Terminal;
			productReference = BE3808521FD9BFB600393EB8 /* OpenTerm.app */;
			productType = "com.apple.product-type.application";
		};
		BEC75BF9202B716600216462 /* OpenTermTests */ = {
			isa = PBXNativeTarget;
			buildConfigurationList = BEC75C03202B716600216462 /* Build configuration list for PBXNativeTarget "OpenTermTests" */;
			buildPhases = (
				BEC75BF6202B716600216462 /* Sources */,
				BEC75BF7202B716600216462 /* Frameworks */,
				BEC75BF8202B716600216462 /* Resources */,
			);
			buildRules = (
			);
			dependencies = (
				BEC75C00202B716600216462 /* PBXTargetDependency */,
			);
			name = OpenTermTests;
			productName = OpenTermTests;
			productReference = BEC75BFA202B716600216462 /* OpenTermTests.xctest */;
			productType = "com.apple.product-type.bundle.unit-test";
		};
/* End PBXNativeTarget section */

/* Begin PBXProject section */
		BE38084A1FD9BFB600393EB8 /* Project object */ = {
			isa = PBXProject;
			attributes = {
				LastSwiftUpdateCheck = 0920;
				LastUpgradeCheck = 0920;
				ORGANIZATIONNAME = "Silver Fox";
				TargetAttributes = {
					BE3808511FD9BFB600393EB8 = {
						CreatedOnToolsVersion = 9.2;
						ProvisioningStyle = Automatic;
						SystemCapabilities = {
							com.apple.ApplicationGroups.iOS = {
								enabled = 1;
							};
							com.apple.iCloud = {
								enabled = 1;
							};
						};
					};
					BEC75BF9202B716600216462 = {
						CreatedOnToolsVersion = 9.2;
						ProvisioningStyle = Automatic;
						TestTargetID = BE3808511FD9BFB600393EB8;
					};
				};
			};
			buildConfigurationList = BE38084D1FD9BFB600393EB8 /* Build configuration list for PBXProject "OpenTerm" */;
			compatibilityVersion = "Xcode 8.0";
			developmentRegion = en;
			hasScannedForEncodings = 0;
			knownRegions = (
				en,
				Base,
			);
			mainGroup = BE3808491FD9BFB600393EB8;
			productRefGroup = BE3808531FD9BFB600393EB8 /* Products */;
			projectDirPath = "";
			projectRoot = "";
			targets = (
				BE3808511FD9BFB600393EB8 /* OpenTerm */,
				BEC75BF9202B716600216462 /* OpenTermTests */,
			);
		};
/* End PBXProject section */

/* Begin PBXResourcesBuildPhase section */
		BE3808501FD9BFB600393EB8 /* Resources */ = {
			isa = PBXResourcesBuildPhase;
			buildActionMask = 2147483647;
			files = (
				BE3808601FD9BFB600393EB8 /* LaunchScreen.storyboard in Resources */,
				BE38085D1FD9BFB600393EB8 /* Assets.xcassets in Resources */,
				BEA4992C1FDC0918001B9B9D /* icon-320.png in Resources */,
				BE38085B1FD9BFB600393EB8 /* Main.storyboard in Resources */,
				BE244DC8201FBB6000A7EA4E /* cacert.pem in Resources */,
			);
			runOnlyForDeploymentPostprocessing = 0;
		};
		BEC75BF8202B716600216462 /* Resources */ = {
			isa = PBXResourcesBuildPhase;
			buildActionMask = 2147483647;
			files = (
			);
			runOnlyForDeploymentPostprocessing = 0;
		};
/* End PBXResourcesBuildPhase section */

/* Begin PBXShellScriptBuildPhase section */
		0817298A6DFC720C403FB709 /* [CP] Copy Pods Resources */ = {
			isa = PBXShellScriptBuildPhase;
			buildActionMask = 2147483647;
			files = (
			);
			inputPaths = (
			);
			name = "[CP] Copy Pods Resources";
			outputPaths = (
			);
			runOnlyForDeploymentPostprocessing = 0;
			shellPath = /bin/sh;
			shellScript = "\"${SRCROOT}/Pods/Target Support Files/Pods-OpenTerm/Pods-OpenTerm-resources.sh\"\n";
			showEnvVarsInLog = 0;
		};
		4B5DFD929D217199A76A3C45 /* [CP] Check Pods Manifest.lock */ = {
			isa = PBXShellScriptBuildPhase;
			buildActionMask = 2147483647;
			files = (
			);
			inputPaths = (
				"${PODS_PODFILE_DIR_PATH}/Podfile.lock",
				"${PODS_ROOT}/Manifest.lock",
			);
			name = "[CP] Check Pods Manifest.lock";
			outputPaths = (
				"$(DERIVED_FILE_DIR)/Pods-OpenTerm-checkManifestLockResult.txt",
			);
			runOnlyForDeploymentPostprocessing = 0;
			shellPath = /bin/sh;
			shellScript = "diff \"${PODS_PODFILE_DIR_PATH}/Podfile.lock\" \"${PODS_ROOT}/Manifest.lock\" > /dev/null\nif [ $? != 0 ] ; then\n    # print error to STDERR\n    echo \"error: The sandbox is not in sync with the Podfile.lock. Run 'pod install' or update your CocoaPods installation.\" >&2\n    exit 1\nfi\n# This output is used by Xcode 'outputs' to avoid re-running this script phase.\necho \"SUCCESS\" > \"${SCRIPT_OUTPUT_FILE_0}\"\n";
			showEnvVarsInLog = 0;
		};
		7E594A5DD24920828A657E90 /* [CP] Embed Pods Frameworks */ = {
			isa = PBXShellScriptBuildPhase;
			buildActionMask = 2147483647;
			files = (
			);
			inputPaths = (
				"${SRCROOT}/Pods/Target Support Files/Pods-OpenTerm/Pods-OpenTerm-frameworks.sh",
				"${BUILT_PRODUCTS_DIR}/Cub/Cub.framework",
				"${BUILT_PRODUCTS_DIR}/InputAssistant/InputAssistant.framework",
				"${BUILT_PRODUCTS_DIR}/PanelKit/PanelKit.framework",
				"${BUILT_PRODUCTS_DIR}/SavannaKit/SavannaKit.framework",
				"${BUILT_PRODUCTS_DIR}/TabView/TabView.framework",
			);
			name = "[CP] Embed Pods Frameworks";
			outputPaths = (
				"${TARGET_BUILD_DIR}/${FRAMEWORKS_FOLDER_PATH}/Cub.framework",
				"${TARGET_BUILD_DIR}/${FRAMEWORKS_FOLDER_PATH}/InputAssistant.framework",
				"${TARGET_BUILD_DIR}/${FRAMEWORKS_FOLDER_PATH}/PanelKit.framework",
				"${TARGET_BUILD_DIR}/${FRAMEWORKS_FOLDER_PATH}/SavannaKit.framework",
				"${TARGET_BUILD_DIR}/${FRAMEWORKS_FOLDER_PATH}/TabView.framework",
			);
			runOnlyForDeploymentPostprocessing = 0;
			shellPath = /bin/sh;
			shellScript = "\"${SRCROOT}/Pods/Target Support Files/Pods-OpenTerm/Pods-OpenTerm-frameworks.sh\"\n";
			showEnvVarsInLog = 0;
		};
		BEE23C96202A35AD00D038C6 /* SwiftLint */ = {
			isa = PBXShellScriptBuildPhase;
			buildActionMask = 2147483647;
			files = (
			);
			inputPaths = (
			);
			name = SwiftLint;
			outputPaths = (
			);
			runOnlyForDeploymentPostprocessing = 0;
			shellPath = /bin/sh;
			shellScript = "if which swiftlint >/dev/null; then\nswiftlint\nelse\necho \"warning: SwiftLint not installed, download from https://github.com/realm/SwiftLint\"\nfi";
		};
/* End PBXShellScriptBuildPhase section */

/* Begin PBXSourcesBuildPhase section */
		BE38084E1FD9BFB600393EB8 /* Sources */ = {
			isa = PBXSourcesBuildPhase;
			buildActionMask = 2147483647;
			files = (
				3CE57681202A52ED00760E43 /* TerminalViewController.swift in Sources */,
				BEA8E2912001348C00002475 /* UIColor+AssetCatalog.swift in Sources */,
				28CDA4292024B3510055206D /* BookmarkManager.swift in Sources */,
				BE8E66FC206196A7007B14E6 /* Notification+Names.swift in Sources */,
				3CA320FF201FE8E100974B5F /* ScriptsViewController.swift in Sources */,
				3C2E4385201EFF4700E4254A /* AutoCompleteManager.swift in Sources */,
				3CA32102201FF6B100974B5F /* Script.swift in Sources */,
				BEA499301FDC3B93001B9B9D /* TerminalView.swift in Sources */,
				BE8E66FE206196B8007B14E6 /* UIDevice+Name.swift in Sources */,
				3CE57680202A529200760E43 /* TerminalTabViewController.swift in Sources */,
				BEA14A69202CEE5800AB7351 /* Cub+SavannaKit.swift in Sources */,
				F4602B49200A63FC009D0547 /* UserDefaults+UIColor.swift in Sources */,
				28CDA426202444CC0055206D /* BookmarkViewController.swift in Sources */,
				3CA32105201FFC1300974B5F /* ScriptEditViewController.swift in Sources */,
				3C2E4374201EF67C00E4254A /* TerminalView+AutoComplete.swift in Sources */,
				BEECFF391FFEC187009608B3 /* SettingsViewController.swift in Sources */,
				F456629E200B9BC500C574AA /* ColorDisplayView.swift in Sources */,
				BE165408201909040067EC92 /* xCallBackUrl.swift in Sources */,
				BEA499261FD9C4D7001B9B9D /* DocumentManager.swift in Sources */,
				BE505066201E5ED900CDFC60 /* Share.swift in Sources */,
				3CE5764820226A1500760E43 /* ANSITextState.swift in Sources */,
				3CE576A0202A874C00760E43 /* OutputSanitizer.swift in Sources */,
				BEECFF0A1FFC1DC0009608B3 /* HistoryViewController.swift in Sources */,
				BE8E6700206196D5007B14E6 /* Bundle+Info.swift in Sources */,
				BEA4992E1FDC305B001B9B9D /* KeyboardObserver.swift in Sources */,
				3CA3210B20212D4200974B5F /* CommandExecutionContext.swift in Sources */,
				3CA320FD201FE73900974B5F /* TerminalTextView.swift in Sources */,
				3CE5769E202A7EC500760E43 /* Parser.swift in Sources */,
				F4602B41200A08D0009D0547 /* ColorPickerViewController.swift in Sources */,
				BE9275062013961D00BD2761 /* UserDefaultsController.swift in Sources */,
				3CA3210920211D5600974B5F /* ScriptExecutorCommand.swift in Sources */,
				3C406E1D2020988B005F97C4 /* AutoCompleteManager+InputAssistant.swift in Sources */,
				1C81BE5720225C3800D07301 /* Clipboard.swift in Sources */,
				BE3808561FD9BFB600393EB8 /* AppDelegate.swift in Sources */,
				3C406E1A20207CE7005F97C4 /* CommandExecutor.swift in Sources */,
				3C905FCA20265BC60084BA63 /* StoreReviewPrompter.swift in Sources */,
				3CE5764320225E1B00760E43 /* HistoryManager.swift in Sources */,
			);
			runOnlyForDeploymentPostprocessing = 0;
		};
		BEC75BF6202B716600216462 /* Sources */ = {
			isa = PBXSourcesBuildPhase;
			buildActionMask = 2147483647;
			files = (
				BEC75BFD202B716600216462 /* OpenTermTests.swift in Sources */,
			);
			runOnlyForDeploymentPostprocessing = 0;
		};
/* End PBXSourcesBuildPhase section */

/* Begin PBXTargetDependency section */
		BEC75C00202B716600216462 /* PBXTargetDependency */ = {
			isa = PBXTargetDependency;
			target = BE3808511FD9BFB600393EB8 /* OpenTerm */;
			targetProxy = BEC75BFF202B716600216462 /* PBXContainerItemProxy */;
		};
/* End PBXTargetDependency section */

/* Begin PBXVariantGroup section */
		BE3808591FD9BFB600393EB8 /* Main.storyboard */ = {
			isa = PBXVariantGroup;
			children = (
				BE38085A1FD9BFB600393EB8 /* Base */,
			);
			name = Main.storyboard;
			sourceTree = "<group>";
		};
		BE38085E1FD9BFB600393EB8 /* LaunchScreen.storyboard */ = {
			isa = PBXVariantGroup;
			children = (
				BE38085F1FD9BFB600393EB8 /* Base */,
			);
			name = LaunchScreen.storyboard;
			sourceTree = "<group>";
		};
/* End PBXVariantGroup section */

/* Begin XCBuildConfiguration section */
		BE3808621FD9BFB600393EB8 /* Debug */ = {
			isa = XCBuildConfiguration;
			buildSettings = {
				ALWAYS_SEARCH_USER_PATHS = NO;
				CLANG_ANALYZER_NONNULL = YES;
				CLANG_ANALYZER_NUMBER_OBJECT_CONVERSION = YES_AGGRESSIVE;
				CLANG_CXX_LANGUAGE_STANDARD = "gnu++14";
				CLANG_CXX_LIBRARY = "libc++";
				CLANG_ENABLE_MODULES = YES;
				CLANG_ENABLE_OBJC_ARC = YES;
				CLANG_WARN_BLOCK_CAPTURE_AUTORELEASING = YES;
				CLANG_WARN_BOOL_CONVERSION = YES;
				CLANG_WARN_COMMA = YES;
				CLANG_WARN_CONSTANT_CONVERSION = YES;
				CLANG_WARN_DIRECT_OBJC_ISA_USAGE = YES_ERROR;
				CLANG_WARN_DOCUMENTATION_COMMENTS = YES;
				CLANG_WARN_EMPTY_BODY = YES;
				CLANG_WARN_ENUM_CONVERSION = YES;
				CLANG_WARN_INFINITE_RECURSION = YES;
				CLANG_WARN_INT_CONVERSION = YES;
				CLANG_WARN_NON_LITERAL_NULL_CONVERSION = YES;
				CLANG_WARN_OBJC_LITERAL_CONVERSION = YES;
				CLANG_WARN_OBJC_ROOT_CLASS = YES_ERROR;
				CLANG_WARN_RANGE_LOOP_ANALYSIS = YES;
				CLANG_WARN_STRICT_PROTOTYPES = YES;
				CLANG_WARN_SUSPICIOUS_MOVE = YES;
				CLANG_WARN_UNGUARDED_AVAILABILITY = YES_AGGRESSIVE;
				CLANG_WARN_UNREACHABLE_CODE = YES;
				CLANG_WARN__DUPLICATE_METHOD_MATCH = YES;
				CODE_SIGN_IDENTITY = "iPhone Developer";
				COPY_PHASE_STRIP = NO;
				DEBUG_INFORMATION_FORMAT = dwarf;
				ENABLE_STRICT_OBJC_MSGSEND = YES;
				ENABLE_TESTABILITY = YES;
				GCC_C_LANGUAGE_STANDARD = gnu11;
				GCC_DYNAMIC_NO_PIC = NO;
				GCC_NO_COMMON_BLOCKS = YES;
				GCC_OPTIMIZATION_LEVEL = 0;
				GCC_PREPROCESSOR_DEFINITIONS = (
					"DEBUG=1",
					"$(inherited)",
				);
				GCC_WARN_64_TO_32_BIT_CONVERSION = YES;
				GCC_WARN_ABOUT_RETURN_TYPE = YES_ERROR;
				GCC_WARN_UNDECLARED_SELECTOR = YES;
				GCC_WARN_UNINITIALIZED_AUTOS = YES_AGGRESSIVE;
				GCC_WARN_UNUSED_FUNCTION = YES;
				GCC_WARN_UNUSED_VARIABLE = YES;
				IPHONEOS_DEPLOYMENT_TARGET = 11.0;
				MTL_ENABLE_DEBUG_INFO = YES;
				ONLY_ACTIVE_ARCH = YES;
				SDKROOT = iphoneos;
				SWIFT_ACTIVE_COMPILATION_CONDITIONS = DEBUG;
				SWIFT_OPTIMIZATION_LEVEL = "-Onone";
			};
			name = Debug;
		};
		BE3808631FD9BFB600393EB8 /* Release */ = {
			isa = XCBuildConfiguration;
			buildSettings = {
				ALWAYS_SEARCH_USER_PATHS = NO;
				CLANG_ANALYZER_NONNULL = YES;
				CLANG_ANALYZER_NUMBER_OBJECT_CONVERSION = YES_AGGRESSIVE;
				CLANG_CXX_LANGUAGE_STANDARD = "gnu++14";
				CLANG_CXX_LIBRARY = "libc++";
				CLANG_ENABLE_MODULES = YES;
				CLANG_ENABLE_OBJC_ARC = YES;
				CLANG_WARN_BLOCK_CAPTURE_AUTORELEASING = YES;
				CLANG_WARN_BOOL_CONVERSION = YES;
				CLANG_WARN_COMMA = YES;
				CLANG_WARN_CONSTANT_CONVERSION = YES;
				CLANG_WARN_DIRECT_OBJC_ISA_USAGE = YES_ERROR;
				CLANG_WARN_DOCUMENTATION_COMMENTS = YES;
				CLANG_WARN_EMPTY_BODY = YES;
				CLANG_WARN_ENUM_CONVERSION = YES;
				CLANG_WARN_INFINITE_RECURSION = YES;
				CLANG_WARN_INT_CONVERSION = YES;
				CLANG_WARN_NON_LITERAL_NULL_CONVERSION = YES;
				CLANG_WARN_OBJC_LITERAL_CONVERSION = YES;
				CLANG_WARN_OBJC_ROOT_CLASS = YES_ERROR;
				CLANG_WARN_RANGE_LOOP_ANALYSIS = YES;
				CLANG_WARN_STRICT_PROTOTYPES = YES;
				CLANG_WARN_SUSPICIOUS_MOVE = YES;
				CLANG_WARN_UNGUARDED_AVAILABILITY = YES_AGGRESSIVE;
				CLANG_WARN_UNREACHABLE_CODE = YES;
				CLANG_WARN__DUPLICATE_METHOD_MATCH = YES;
				CODE_SIGN_IDENTITY = "iPhone Developer";
				COPY_PHASE_STRIP = NO;
				DEBUG_INFORMATION_FORMAT = "dwarf-with-dsym";
				ENABLE_NS_ASSERTIONS = NO;
				ENABLE_STRICT_OBJC_MSGSEND = YES;
				GCC_C_LANGUAGE_STANDARD = gnu11;
				GCC_NO_COMMON_BLOCKS = YES;
				GCC_WARN_64_TO_32_BIT_CONVERSION = YES;
				GCC_WARN_ABOUT_RETURN_TYPE = YES_ERROR;
				GCC_WARN_UNDECLARED_SELECTOR = YES;
				GCC_WARN_UNINITIALIZED_AUTOS = YES_AGGRESSIVE;
				GCC_WARN_UNUSED_FUNCTION = YES;
				GCC_WARN_UNUSED_VARIABLE = YES;
				IPHONEOS_DEPLOYMENT_TARGET = 11.0;
				MTL_ENABLE_DEBUG_INFO = NO;
				SDKROOT = iphoneos;
				SWIFT_OPTIMIZATION_LEVEL = "-Owholemodule";
				VALIDATE_PRODUCT = YES;
			};
			name = Release;
		};
		BE3808651FD9BFB600393EB8 /* Debug */ = {
			isa = XCBuildConfiguration;
			baseConfigurationReference = 448CC7691FD84EB5D2C24705 /* Pods-OpenTerm.debug.xcconfig */;
			buildSettings = {
				ASSETCATALOG_COMPILER_APPICON_NAME = AppIcon;
				CODE_SIGN_ENTITLEMENTS = OpenTerm/OpenTerm.entitlements;
				"CODE_SIGN_IDENTITY[sdk=iphoneos*]" = "iPhone Developer";
				CODE_SIGN_STYLE = Automatic;
				DEVELOPMENT_TEAM = 6G5LMQ72D8;
				ENABLE_BITCODE = NO;
				FRAMEWORK_SEARCH_PATHS = (
					"$(inherited)",
					"$(PROJECT_DIR)/Dependencies",
					"$(PROJECT_DIR)/Dependencies/ios_system/Frameworks",
				);
				INFOPLIST_FILE = "$(SRCROOT)/OpenTerm/Info.plist";
				IPHONEOS_DEPLOYMENT_TARGET = 11.0;
				LD_RUNPATH_SEARCH_PATHS = "$(inherited) @executable_path/Frameworks";
				PRODUCT_BUNDLE_IDENTIFIER = com.silverfox.Terminal;
				PRODUCT_NAME = "$(TARGET_NAME)";
				PROVISIONING_PROFILE_SPECIFIER = "";
				SWIFT_VERSION = 4.0;
				TARGETED_DEVICE_FAMILY = "1,2";
			};
			name = Debug;
		};
		BE3808661FD9BFB600393EB8 /* Release */ = {
			isa = XCBuildConfiguration;
			baseConfigurationReference = D4433523D5E174B363623AD4 /* Pods-OpenTerm.release.xcconfig */;
			buildSettings = {
				ASSETCATALOG_COMPILER_APPICON_NAME = AppIcon;
				CODE_SIGN_ENTITLEMENTS = OpenTerm/OpenTerm.entitlements;
				"CODE_SIGN_IDENTITY[sdk=iphoneos*]" = "iPhone Developer";
				CODE_SIGN_STYLE = Automatic;
				DEVELOPMENT_TEAM = 6G5LMQ72D8;
				ENABLE_BITCODE = NO;
				FRAMEWORK_SEARCH_PATHS = (
					"$(inherited)",
					"$(PROJECT_DIR)/Dependencies",
					"$(PROJECT_DIR)/Dependencies/ios_system/Frameworks",
				);
				INFOPLIST_FILE = "$(SRCROOT)/OpenTerm/Info.plist";
				IPHONEOS_DEPLOYMENT_TARGET = 11.0;
				LD_RUNPATH_SEARCH_PATHS = "$(inherited) @executable_path/Frameworks";
				PRODUCT_BUNDLE_IDENTIFIER = com.silverfox.Terminal;
				PRODUCT_NAME = "$(TARGET_NAME)";
				PROVISIONING_PROFILE_SPECIFIER = "";
				SWIFT_VERSION = 4.0;
				TARGETED_DEVICE_FAMILY = "1,2";
			};
			name = Release;
		};
		BEC75C01202B716600216462 /* Debug */ = {
			isa = XCBuildConfiguration;
			buildSettings = {
				BUNDLE_LOADER = "$(TEST_HOST)";
				CODE_SIGN_STYLE = Automatic;
				DEVELOPMENT_TEAM = 6G5LMQ72D8;
				INFOPLIST_FILE = OpenTermTests/Info.plist;
				IPHONEOS_DEPLOYMENT_TARGET = 11.2;
				LD_RUNPATH_SEARCH_PATHS = "$(inherited) @executable_path/Frameworks @loader_path/Frameworks";
				PRODUCT_BUNDLE_IDENTIFIER = com.silverfox.OpenTermTests;
				PRODUCT_NAME = "$(TARGET_NAME)";
				SWIFT_VERSION = 4.0;
				TARGETED_DEVICE_FAMILY = "1,2";
				TEST_HOST = "$(BUILT_PRODUCTS_DIR)/OpenTerm.app/OpenTerm";
			};
			name = Debug;
		};
		BEC75C02202B716600216462 /* Release */ = {
			isa = XCBuildConfiguration;
			buildSettings = {
				BUNDLE_LOADER = "$(TEST_HOST)";
				CODE_SIGN_STYLE = Automatic;
				DEVELOPMENT_TEAM = 6G5LMQ72D8;
				INFOPLIST_FILE = OpenTermTests/Info.plist;
				IPHONEOS_DEPLOYMENT_TARGET = 11.2;
				LD_RUNPATH_SEARCH_PATHS = "$(inherited) @executable_path/Frameworks @loader_path/Frameworks";
				PRODUCT_BUNDLE_IDENTIFIER = com.silverfox.OpenTermTests;
				PRODUCT_NAME = "$(TARGET_NAME)";
				SWIFT_VERSION = 4.0;
				TARGETED_DEVICE_FAMILY = "1,2";
				TEST_HOST = "$(BUILT_PRODUCTS_DIR)/OpenTerm.app/OpenTerm";
			};
			name = Release;
		};
/* End XCBuildConfiguration section */

/* Begin XCConfigurationList section */
		BE38084D1FD9BFB600393EB8 /* Build configuration list for PBXProject "OpenTerm" */ = {
			isa = XCConfigurationList;
			buildConfigurations = (
				BE3808621FD9BFB600393EB8 /* Debug */,
				BE3808631FD9BFB600393EB8 /* Release */,
			);
			defaultConfigurationIsVisible = 0;
			defaultConfigurationName = Release;
		};
		BE3808641FD9BFB600393EB8 /* Build configuration list for PBXNativeTarget "OpenTerm" */ = {
			isa = XCConfigurationList;
			buildConfigurations = (
				BE3808651FD9BFB600393EB8 /* Debug */,
				BE3808661FD9BFB600393EB8 /* Release */,
			);
			defaultConfigurationIsVisible = 0;
			defaultConfigurationName = Release;
		};
		BEC75C03202B716600216462 /* Build configuration list for PBXNativeTarget "OpenTermTests" */ = {
			isa = XCConfigurationList;
			buildConfigurations = (
				BEC75C01202B716600216462 /* Debug */,
				BEC75C02202B716600216462 /* Release */,
			);
			defaultConfigurationIsVisible = 0;
			defaultConfigurationName = Release;
		};
/* End XCConfigurationList section */
	};
	rootObject = BE38084A1FD9BFB600393EB8 /* Project object */;
}
