// !$*UTF8*$!
{
	archiveVersion = 1;
	classes = {
	};
	objectVersion = 48;
	objects = {

/* Begin PBXBuildFile section */
		223496C71FD60065007ED1A9 /* file_cmds_ios.h in Headers */ = {isa = PBXBuildFile; fileRef = 223496C51FD60065007ED1A9 /* file_cmds_ios.h */; settings = {ATTRIBUTES = (Public, ); }; };
		223496DA1FD600E7007ED1A9 /* compress.c in Sources */ = {isa = PBXBuildFile; fileRef = 223496CF1FD600E7007ED1A9 /* compress.c */; };
		223496E11FD600E7007ED1A9 /* zopen.c in Sources */ = {isa = PBXBuildFile; fileRef = 223496D71FD600E7007ED1A9 /* zopen.c */; };
		223496E21FD600E7007ED1A9 /* zopen.h in Headers */ = {isa = PBXBuildFile; fileRef = 223496D81FD600E7007ED1A9 /* zopen.h */; };
		223496E41FD60232007ED1A9 /* ios_error.h in Headers */ = {isa = PBXBuildFile; fileRef = 223496E31FD60232007ED1A9 /* ios_error.h */; };
		223497031FD6AF42007ED1A9 /* cksum.c in Sources */ = {isa = PBXBuildFile; fileRef = 223496FA1FD6AF42007ED1A9 /* cksum.c */; };
		223497041FD6AF42007ED1A9 /* crc.c in Sources */ = {isa = PBXBuildFile; fileRef = 223496FB1FD6AF42007ED1A9 /* crc.c */; };
		223497051FD6AF42007ED1A9 /* crc32.c in Sources */ = {isa = PBXBuildFile; fileRef = 223496FC1FD6AF42007ED1A9 /* crc32.c */; };
		223497061FD6AF42007ED1A9 /* extern.h in Headers */ = {isa = PBXBuildFile; fileRef = 223496FD1FD6AF42007ED1A9 /* extern.h */; };
		223497071FD6AF42007ED1A9 /* print.c in Sources */ = {isa = PBXBuildFile; fileRef = 223496FE1FD6AF42007ED1A9 /* print.c */; };
		223497091FD6AF42007ED1A9 /* sum1.c in Sources */ = {isa = PBXBuildFile; fileRef = 223497001FD6AF42007ED1A9 /* sum1.c */; };
		2234970A1FD6AF42007ED1A9 /* sum2.c in Sources */ = {isa = PBXBuildFile; fileRef = 223497011FD6AF42007ED1A9 /* sum2.c */; };
		223497111FD6AFEB007ED1A9 /* chmod.c in Sources */ = {isa = PBXBuildFile; fileRef = 2234970D1FD6AFEB007ED1A9 /* chmod.c */; };
		223497121FD6AFEB007ED1A9 /* chmod_acl.c in Sources */ = {isa = PBXBuildFile; fileRef = 2234970E1FD6AFEB007ED1A9 /* chmod_acl.c */; };
		223497131FD6AFEB007ED1A9 /* chmod_acl.h in Headers */ = {isa = PBXBuildFile; fileRef = 2234970F1FD6AFEB007ED1A9 /* chmod_acl.h */; };
		2234971A1FD6B99F007ED1A9 /* cp.c in Sources */ = {isa = PBXBuildFile; fileRef = 223497161FD6B99F007ED1A9 /* cp.c */; };
		2234971B1FD6B99F007ED1A9 /* extern.h in Headers */ = {isa = PBXBuildFile; fileRef = 223497171FD6B99F007ED1A9 /* extern.h */; };
		2234971C1FD6B99F007ED1A9 /* utils.c in Sources */ = {isa = PBXBuildFile; fileRef = 223497181FD6B99F007ED1A9 /* utils.c */; };
		223497221FD6BC65007ED1A9 /* df.c in Sources */ = {isa = PBXBuildFile; fileRef = 2234971F1FD6BC65007ED1A9 /* df.c */; settings = {COMPILER_FLAGS = "-I ../libutil/"; }; };
		223497231FD6BC65007ED1A9 /* vfslist.c in Sources */ = {isa = PBXBuildFile; fileRef = 223497201FD6BC65007ED1A9 /* vfslist.c */; };
		223497251FD6C021007ED1A9 /* humanize_number.c in Sources */ = {isa = PBXBuildFile; fileRef = 223497241FD6C01A007ED1A9 /* humanize_number.c */; settings = {COMPILER_FLAGS = "-I ../libutil/"; }; };
		2234973B1FD6C18E007ED1A9 /* futimens.c in Sources */ = {isa = PBXBuildFile; fileRef = 223497271FD6C18E007ED1A9 /* futimens.c */; };
		2234973F1FD6C18E007ED1A9 /* gzip.c in Sources */ = {isa = PBXBuildFile; fileRef = 2234972B1FD6C18E007ED1A9 /* gzip.c */; };
		223497511FD6C52D007ED1A9 /* libbz2.tbd in Frameworks */ = {isa = PBXBuildFile; fileRef = 223497501FD6C522007ED1A9 /* libbz2.tbd */; };
		2234975A1FD6C562007ED1A9 /* cmp.c in Sources */ = {isa = PBXBuildFile; fileRef = 223497531FD6C562007ED1A9 /* cmp.c */; };
		2234975B1FD6C562007ED1A9 /* extern.h in Headers */ = {isa = PBXBuildFile; fileRef = 223497541FD6C562007ED1A9 /* extern.h */; };
		2234975D1FD6C562007ED1A9 /* ls.c in Sources */ = {isa = PBXBuildFile; fileRef = 223497561FD6C562007ED1A9 /* ls.c */; settings = {COMPILER_FLAGS = "-DCOLORLS"; }; };
		2234975E1FD6C562007ED1A9 /* ls.h in Headers */ = {isa = PBXBuildFile; fileRef = 223497571FD6C562007ED1A9 /* ls.h */; };
		2234975F1FD6C562007ED1A9 /* print.c in Sources */ = {isa = PBXBuildFile; fileRef = 223497581FD6C562007ED1A9 /* print.c */; settings = {COMPILER_FLAGS = "-I ../libinfo/membership.subproj/ -I ../libutil/ -DCOLORLS"; }; };
		223497601FD6C562007ED1A9 /* util.c in Sources */ = {isa = PBXBuildFile; fileRef = 223497591FD6C562007ED1A9 /* util.c */; settings = {COMPILER_FLAGS = "-DCOLORLS"; }; };
		223497621FD6C96C007ED1A9 /* termcap.h in Headers */ = {isa = PBXBuildFile; fileRef = 223497611FD6C96C007ED1A9 /* termcap.h */; };
		223497641FD6C99C007ED1A9 /* ncurses_dll.h in Headers */ = {isa = PBXBuildFile; fileRef = 223497631FD6C99C007ED1A9 /* ncurses_dll.h */; };
		223497661FD6C9AE007ED1A9 /* libncurses.tbd in Frameworks */ = {isa = PBXBuildFile; fileRef = 223497651FD6C9AE007ED1A9 /* libncurses.tbd */; };
		2234976C1FD6CA42007ED1A9 /* mv.c in Sources */ = {isa = PBXBuildFile; fileRef = 223497691FD6CA42007ED1A9 /* mv.c */; };
		2234976D1FD6CA42007ED1A9 /* pathnames.h in Headers */ = {isa = PBXBuildFile; fileRef = 2234976A1FD6CA42007ED1A9 /* pathnames.h */; };
		223497721FD6CB4A007ED1A9 /* touch.c in Sources */ = {isa = PBXBuildFile; fileRef = 223497701FD6CB4A007ED1A9 /* touch.c */; };
		223497781FD6CBA9007ED1A9 /* rm.c in Sources */ = {isa = PBXBuildFile; fileRef = 223497751FD6CBA9007ED1A9 /* rm.c */; };
		223497811FD6CC3B007ED1A9 /* ln.c in Sources */ = {isa = PBXBuildFile; fileRef = 2234977D1FD6CC3B007ED1A9 /* ln.c */; };
		223497871FD6CCE5007ED1A9 /* mkdir.c in Sources */ = {isa = PBXBuildFile; fileRef = 223497851FD6CCE5007ED1A9 /* mkdir.c */; };
		2234978C1FD6CD28007ED1A9 /* rmdir.c in Sources */ = {isa = PBXBuildFile; fileRef = 2234978A1FD6CD28007ED1A9 /* rmdir.c */; };
		223497911FD6CD62007ED1A9 /* chflags.c in Sources */ = {isa = PBXBuildFile; fileRef = 2234978F1FD6CD62007ED1A9 /* chflags.c */; };
		223497981FD6CDB9007ED1A9 /* chown.c in Sources */ = {isa = PBXBuildFile; fileRef = 223497951FD6CDB9007ED1A9 /* chown.c */; };
		2234979D1FD6CE27007ED1A9 /* du.c in Sources */ = {isa = PBXBuildFile; fileRef = 2234979B1FD6CE27007ED1A9 /* du.c */; };
		223497A41FD6CE8E007ED1A9 /* stat.c in Sources */ = {isa = PBXBuildFile; fileRef = 223497A11FD6CE8E007ED1A9 /* stat.c */; };
/* End PBXBuildFile section */

/* Begin PBXFileReference section */
		223496C21FD60065007ED1A9 /* file_cmds_ios.framework */ = {isa = PBXFileReference; explicitFileType = wrapper.framework; includeInIndex = 0; path = file_cmds_ios.framework; sourceTree = BUILT_PRODUCTS_DIR; };
		223496C51FD60065007ED1A9 /* file_cmds_ios.h */ = {isa = PBXFileReference; lastKnownFileType = sourcecode.c.h; path = file_cmds_ios.h; sourceTree = "<group>"; };
		223496C61FD60065007ED1A9 /* Info.plist */ = {isa = PBXFileReference; lastKnownFileType = text.plist.xml; path = Info.plist; sourceTree = "<group>"; };
		223496CF1FD600E7007ED1A9 /* compress.c */ = {isa = PBXFileReference; fileEncoding = 4; lastKnownFileType = sourcecode.c.c; path = compress.c; sourceTree = "<group>"; };
		223496D71FD600E7007ED1A9 /* zopen.c */ = {isa = PBXFileReference; fileEncoding = 4; lastKnownFileType = sourcecode.c.c; path = zopen.c; sourceTree = "<group>"; };
		223496D81FD600E7007ED1A9 /* zopen.h */ = {isa = PBXFileReference; fileEncoding = 4; lastKnownFileType = sourcecode.c.h; path = zopen.h; sourceTree = "<group>"; };
		223496E31FD60232007ED1A9 /* ios_error.h */ = {isa = PBXFileReference; fileEncoding = 4; lastKnownFileType = sourcecode.c.h; name = ios_error.h; path = ../ios_error.h; sourceTree = "<group>"; };
		223496FA1FD6AF42007ED1A9 /* cksum.c */ = {isa = PBXFileReference; fileEncoding = 4; lastKnownFileType = sourcecode.c.c; path = cksum.c; sourceTree = "<group>"; };
		223496FB1FD6AF42007ED1A9 /* crc.c */ = {isa = PBXFileReference; fileEncoding = 4; lastKnownFileType = sourcecode.c.c; path = crc.c; sourceTree = "<group>"; };
		223496FC1FD6AF42007ED1A9 /* crc32.c */ = {isa = PBXFileReference; fileEncoding = 4; lastKnownFileType = sourcecode.c.c; path = crc32.c; sourceTree = "<group>"; };
		223496FD1FD6AF42007ED1A9 /* extern.h */ = {isa = PBXFileReference; fileEncoding = 4; lastKnownFileType = sourcecode.c.h; path = extern.h; sourceTree = "<group>"; };
		223496FE1FD6AF42007ED1A9 /* print.c */ = {isa = PBXFileReference; fileEncoding = 4; lastKnownFileType = sourcecode.c.c; path = print.c; sourceTree = "<group>"; };
		223497001FD6AF42007ED1A9 /* sum1.c */ = {isa = PBXFileReference; fileEncoding = 4; lastKnownFileType = sourcecode.c.c; path = sum1.c; sourceTree = "<group>"; };
		223497011FD6AF42007ED1A9 /* sum2.c */ = {isa = PBXFileReference; fileEncoding = 4; lastKnownFileType = sourcecode.c.c; path = sum2.c; sourceTree = "<group>"; };
		2234970D1FD6AFEB007ED1A9 /* chmod.c */ = {isa = PBXFileReference; fileEncoding = 4; lastKnownFileType = sourcecode.c.c; path = chmod.c; sourceTree = "<group>"; };
		2234970E1FD6AFEB007ED1A9 /* chmod_acl.c */ = {isa = PBXFileReference; fileEncoding = 4; lastKnownFileType = sourcecode.c.c; path = chmod_acl.c; sourceTree = "<group>"; };
		2234970F1FD6AFEB007ED1A9 /* chmod_acl.h */ = {isa = PBXFileReference; fileEncoding = 4; lastKnownFileType = sourcecode.c.h; path = chmod_acl.h; sourceTree = "<group>"; };
		223497161FD6B99F007ED1A9 /* cp.c */ = {isa = PBXFileReference; fileEncoding = 4; lastKnownFileType = sourcecode.c.c; path = cp.c; sourceTree = "<group>"; };
		223497171FD6B99F007ED1A9 /* extern.h */ = {isa = PBXFileReference; fileEncoding = 4; lastKnownFileType = sourcecode.c.h; path = extern.h; sourceTree = "<group>"; };
		223497181FD6B99F007ED1A9 /* utils.c */ = {isa = PBXFileReference; fileEncoding = 4; lastKnownFileType = sourcecode.c.c; path = utils.c; sourceTree = "<group>"; };
		2234971F1FD6BC65007ED1A9 /* df.c */ = {isa = PBXFileReference; fileEncoding = 4; lastKnownFileType = sourcecode.c.c; path = df.c; sourceTree = "<group>"; };
		223497201FD6BC65007ED1A9 /* vfslist.c */ = {isa = PBXFileReference; fileEncoding = 4; lastKnownFileType = sourcecode.c.c; path = vfslist.c; sourceTree = "<group>"; };
		223497241FD6C01A007ED1A9 /* humanize_number.c */ = {isa = PBXFileReference; fileEncoding = 4; lastKnownFileType = sourcecode.c.c; name = humanize_number.c; path = ../libutil/humanize_number.c; sourceTree = "<group>"; };
		223497271FD6C18E007ED1A9 /* futimens.c */ = {isa = PBXFileReference; fileEncoding = 4; lastKnownFileType = sourcecode.c.c; path = futimens.c; sourceTree = "<group>"; };
		2234972B1FD6C18E007ED1A9 /* gzip.c */ = {isa = PBXFileReference; fileEncoding = 4; lastKnownFileType = sourcecode.c.c; path = gzip.c; sourceTree = "<group>"; };
		223497501FD6C522007ED1A9 /* libbz2.tbd */ = {isa = PBXFileReference; lastKnownFileType = "sourcecode.text-based-dylib-definition"; name = libbz2.tbd; path = usr/lib/libbz2.tbd; sourceTree = SDKROOT; };
		223497531FD6C562007ED1A9 /* cmp.c */ = {isa = PBXFileReference; fileEncoding = 4; lastKnownFileType = sourcecode.c.c; path = cmp.c; sourceTree = "<group>"; };
		223497541FD6C562007ED1A9 /* extern.h */ = {isa = PBXFileReference; fileEncoding = 4; lastKnownFileType = sourcecode.c.h; path = extern.h; sourceTree = "<group>"; };
		223497561FD6C562007ED1A9 /* ls.c */ = {isa = PBXFileReference; fileEncoding = 4; lastKnownFileType = sourcecode.c.c; path = ls.c; sourceTree = "<group>"; };
		223497571FD6C562007ED1A9 /* ls.h */ = {isa = PBXFileReference; fileEncoding = 4; lastKnownFileType = sourcecode.c.h; path = ls.h; sourceTree = "<group>"; };
		223497581FD6C562007ED1A9 /* print.c */ = {isa = PBXFileReference; fileEncoding = 4; lastKnownFileType = sourcecode.c.c; path = print.c; sourceTree = "<group>"; };
		223497591FD6C562007ED1A9 /* util.c */ = {isa = PBXFileReference; fileEncoding = 4; lastKnownFileType = sourcecode.c.c; path = util.c; sourceTree = "<group>"; };
		223497611FD6C96C007ED1A9 /* termcap.h */ = {isa = PBXFileReference; fileEncoding = 4; lastKnownFileType = sourcecode.c.h; name = termcap.h; path = ../termcap.h; sourceTree = "<group>"; };
		223497631FD6C99C007ED1A9 /* ncurses_dll.h */ = {isa = PBXFileReference; fileEncoding = 4; lastKnownFileType = sourcecode.c.h; name = ncurses_dll.h; path = ../ncurses_dll.h; sourceTree = "<group>"; };
		223497651FD6C9AE007ED1A9 /* libncurses.tbd */ = {isa = PBXFileReference; lastKnownFileType = "sourcecode.text-based-dylib-definition"; name = libncurses.tbd; path = usr/lib/libncurses.tbd; sourceTree = SDKROOT; };
		223497691FD6CA42007ED1A9 /* mv.c */ = {isa = PBXFileReference; fileEncoding = 4; lastKnownFileType = sourcecode.c.c; path = mv.c; sourceTree = "<group>"; };
		2234976A1FD6CA42007ED1A9 /* pathnames.h */ = {isa = PBXFileReference; fileEncoding = 4; lastKnownFileType = sourcecode.c.h; path = pathnames.h; sourceTree = "<group>"; };
		223497701FD6CB4A007ED1A9 /* touch.c */ = {isa = PBXFileReference; fileEncoding = 4; lastKnownFileType = sourcecode.c.c; path = touch.c; sourceTree = "<group>"; };
		223497751FD6CBA9007ED1A9 /* rm.c */ = {isa = PBXFileReference; fileEncoding = 4; lastKnownFileType = sourcecode.c.c; path = rm.c; sourceTree = "<group>"; };
		2234977D1FD6CC3B007ED1A9 /* ln.c */ = {isa = PBXFileReference; fileEncoding = 4; lastKnownFileType = sourcecode.c.c; path = ln.c; sourceTree = "<group>"; };
		223497851FD6CCE5007ED1A9 /* mkdir.c */ = {isa = PBXFileReference; fileEncoding = 4; lastKnownFileType = sourcecode.c.c; path = mkdir.c; sourceTree = "<group>"; };
		2234978A1FD6CD28007ED1A9 /* rmdir.c */ = {isa = PBXFileReference; fileEncoding = 4; lastKnownFileType = sourcecode.c.c; path = rmdir.c; sourceTree = "<group>"; };
		2234978F1FD6CD62007ED1A9 /* chflags.c */ = {isa = PBXFileReference; fileEncoding = 4; lastKnownFileType = sourcecode.c.c; path = chflags.c; sourceTree = "<group>"; };
		223497951FD6CDB9007ED1A9 /* chown.c */ = {isa = PBXFileReference; fileEncoding = 4; lastKnownFileType = sourcecode.c.c; path = chown.c; sourceTree = "<group>"; };
		2234979B1FD6CE27007ED1A9 /* du.c */ = {isa = PBXFileReference; fileEncoding = 4; lastKnownFileType = sourcecode.c.c; path = du.c; sourceTree = "<group>"; };
		223497A11FD6CE8E007ED1A9 /* stat.c */ = {isa = PBXFileReference; fileEncoding = 4; lastKnownFileType = sourcecode.c.c; path = stat.c; sourceTree = "<group>"; };
/* End PBXFileReference section */

/* Begin PBXFrameworksBuildPhase section */
		223496BE1FD60065007ED1A9 /* Frameworks */ = {
			isa = PBXFrameworksBuildPhase;
			buildActionMask = 2147483647;
			files = (
				223497661FD6C9AE007ED1A9 /* libncurses.tbd in Frameworks */,
				223497511FD6C52D007ED1A9 /* libbz2.tbd in Frameworks */,
			);
			runOnlyForDeploymentPostprocessing = 0;
		};
/* End PBXFrameworksBuildPhase section */

/* Begin PBXGroup section */
		223496B81FD60065007ED1A9 = {
			isa = PBXGroup;
			children = (
				223497631FD6C99C007ED1A9 /* ncurses_dll.h */,
				223497611FD6C96C007ED1A9 /* termcap.h */,
				223496E31FD60232007ED1A9 /* ios_error.h */,
				223497241FD6C01A007ED1A9 /* humanize_number.c */,
				2234978D1FD6CD62007ED1A9 /* chflags */,
				223496F81FD6AF42007ED1A9 /* cksum */,
				2234970B1FD6AFEB007ED1A9 /* chmod */,
				223497921FD6CDB9007ED1A9 /* chown */,
				223496CD1FD600E7007ED1A9 /* compress */,
				223497141FD6B99F007ED1A9 /* cp */,
				2234971D1FD6BC65007ED1A9 /* df */,
				223497991FD6CE27007ED1A9 /* du */,
				223497261FD6C18E007ED1A9 /* gzip */,
				2234977A1FD6CC3B007ED1A9 /* ln */,
				223497521FD6C562007ED1A9 /* ls */,
				223497831FD6CCE5007ED1A9 /* mkdir */,
				223497671FD6CA42007ED1A9 /* mv */,
				223497731FD6CBA9007ED1A9 /* rm */,
				223497881FD6CD28007ED1A9 /* rmdir */,
				2234979E1FD6CE8E007ED1A9 /* stat */,
				2234976E1FD6CB4A007ED1A9 /* touch */,
				223496C41FD60065007ED1A9 /* file_cmds_ios */,
				223496C31FD60065007ED1A9 /* Products */,
				2234974F1FD6C522007ED1A9 /* Frameworks */,
			);
			sourceTree = "<group>";
		};
		223496C31FD60065007ED1A9 /* Products */ = {
			isa = PBXGroup;
			children = (
				223496C21FD60065007ED1A9 /* file_cmds_ios.framework */,
			);
			name = Products;
			sourceTree = "<group>";
		};
		223496C41FD60065007ED1A9 /* file_cmds_ios */ = {
			isa = PBXGroup;
			children = (
				223496C51FD60065007ED1A9 /* file_cmds_ios.h */,
				223496C61FD60065007ED1A9 /* Info.plist */,
			);
			path = file_cmds_ios;
			sourceTree = "<group>";
		};
		223496CD1FD600E7007ED1A9 /* compress */ = {
			isa = PBXGroup;
			children = (
				223496CF1FD600E7007ED1A9 /* compress.c */,
				223496D71FD600E7007ED1A9 /* zopen.c */,
				223496D81FD600E7007ED1A9 /* zopen.h */,
			);
			name = compress;
			path = ../file_cmds/compress;
			sourceTree = "<group>";
		};
		223496F81FD6AF42007ED1A9 /* cksum */ = {
			isa = PBXGroup;
			children = (
				223496FA1FD6AF42007ED1A9 /* cksum.c */,
				223496FB1FD6AF42007ED1A9 /* crc.c */,
				223496FC1FD6AF42007ED1A9 /* crc32.c */,
				223496FD1FD6AF42007ED1A9 /* extern.h */,
				223496FE1FD6AF42007ED1A9 /* print.c */,
				223497001FD6AF42007ED1A9 /* sum1.c */,
				223497011FD6AF42007ED1A9 /* sum2.c */,
			);
			name = cksum;
			path = ../file_cmds/cksum;
			sourceTree = "<group>";
		};
		2234970B1FD6AFEB007ED1A9 /* chmod */ = {
			isa = PBXGroup;
			children = (
				2234970D1FD6AFEB007ED1A9 /* chmod.c */,
				2234970E1FD6AFEB007ED1A9 /* chmod_acl.c */,
				2234970F1FD6AFEB007ED1A9 /* chmod_acl.h */,
			);
			name = chmod;
			path = ../file_cmds/chmod;
			sourceTree = "<group>";
		};
		223497141FD6B99F007ED1A9 /* cp */ = {
			isa = PBXGroup;
			children = (
				223497161FD6B99F007ED1A9 /* cp.c */,
				223497171FD6B99F007ED1A9 /* extern.h */,
				223497181FD6B99F007ED1A9 /* utils.c */,
			);
			name = cp;
			path = ../file_cmds/cp;
			sourceTree = "<group>";
		};
		2234971D1FD6BC65007ED1A9 /* df */ = {
			isa = PBXGroup;
			children = (
				2234971F1FD6BC65007ED1A9 /* df.c */,
				223497201FD6BC65007ED1A9 /* vfslist.c */,
			);
			name = df;
			path = ../file_cmds/df;
			sourceTree = "<group>";
		};
		223497261FD6C18E007ED1A9 /* gzip */ = {
			isa = PBXGroup;
			children = (
				223497271FD6C18E007ED1A9 /* futimens.c */,
				2234972B1FD6C18E007ED1A9 /* gzip.c */,
			);
			name = gzip;
			path = ../file_cmds/gzip;
			sourceTree = "<group>";
		};
		2234974F1FD6C522007ED1A9 /* Frameworks */ = {
			isa = PBXGroup;
			children = (
				223497651FD6C9AE007ED1A9 /* libncurses.tbd */,
				223497501FD6C522007ED1A9 /* libbz2.tbd */,
			);
			name = Frameworks;
			sourceTree = "<group>";
		};
		223497521FD6C562007ED1A9 /* ls */ = {
			isa = PBXGroup;
			children = (
				223497531FD6C562007ED1A9 /* cmp.c */,
				223497541FD6C562007ED1A9 /* extern.h */,
				223497561FD6C562007ED1A9 /* ls.c */,
				223497571FD6C562007ED1A9 /* ls.h */,
				223497581FD6C562007ED1A9 /* print.c */,
				223497591FD6C562007ED1A9 /* util.c */,
			);
			name = ls;
			path = ../file_cmds/ls;
			sourceTree = "<group>";
		};
		223497671FD6CA42007ED1A9 /* mv */ = {
			isa = PBXGroup;
			children = (
				223497691FD6CA42007ED1A9 /* mv.c */,
				2234976A1FD6CA42007ED1A9 /* pathnames.h */,
			);
			name = mv;
			path = ../file_cmds/mv;
			sourceTree = "<group>";
		};
		2234976E1FD6CB4A007ED1A9 /* touch */ = {
			isa = PBXGroup;
			children = (
				223497701FD6CB4A007ED1A9 /* touch.c */,
			);
			name = touch;
			path = ../file_cmds/touch;
			sourceTree = "<group>";
		};
		223497731FD6CBA9007ED1A9 /* rm */ = {
			isa = PBXGroup;
			children = (
				223497751FD6CBA9007ED1A9 /* rm.c */,
			);
			name = rm;
			path = ../file_cmds/rm;
			sourceTree = "<group>";
		};
		2234977A1FD6CC3B007ED1A9 /* ln */ = {
			isa = PBXGroup;
			children = (
				2234977D1FD6CC3B007ED1A9 /* ln.c */,
			);
			name = ln;
			path = ../file_cmds/ln;
			sourceTree = "<group>";
		};
		223497831FD6CCE5007ED1A9 /* mkdir */ = {
			isa = PBXGroup;
			children = (
				223497851FD6CCE5007ED1A9 /* mkdir.c */,
			);
			name = mkdir;
			path = ../file_cmds/mkdir;
			sourceTree = "<group>";
		};
		223497881FD6CD28007ED1A9 /* rmdir */ = {
			isa = PBXGroup;
			children = (
				2234978A1FD6CD28007ED1A9 /* rmdir.c */,
			);
			name = rmdir;
			path = ../file_cmds/rmdir;
			sourceTree = "<group>";
		};
		2234978D1FD6CD62007ED1A9 /* chflags */ = {
			isa = PBXGroup;
			children = (
				2234978F1FD6CD62007ED1A9 /* chflags.c */,
			);
			name = chflags;
			path = ../file_cmds/chflags;
			sourceTree = "<group>";
		};
		223497921FD6CDB9007ED1A9 /* chown */ = {
			isa = PBXGroup;
			children = (
				223497951FD6CDB9007ED1A9 /* chown.c */,
			);
			name = chown;
			path = ../file_cmds/chown;
			sourceTree = "<group>";
		};
		223497991FD6CE27007ED1A9 /* du */ = {
			isa = PBXGroup;
			children = (
				2234979B1FD6CE27007ED1A9 /* du.c */,
			);
			name = du;
			path = ../file_cmds/du;
			sourceTree = "<group>";
		};
		2234979E1FD6CE8E007ED1A9 /* stat */ = {
			isa = PBXGroup;
			children = (
				223497A11FD6CE8E007ED1A9 /* stat.c */,
			);
			name = stat;
			path = ../file_cmds/stat;
			sourceTree = "<group>";
		};
/* End PBXGroup section */

/* Begin PBXHeadersBuildPhase section */
		223496BF1FD60065007ED1A9 /* Headers */ = {
			isa = PBXHeadersBuildPhase;
			buildActionMask = 2147483647;
			files = (
				2234976D1FD6CA42007ED1A9 /* pathnames.h in Headers */,
				223497061FD6AF42007ED1A9 /* extern.h in Headers */,
				2234975E1FD6C562007ED1A9 /* ls.h in Headers */,
				223496E41FD60232007ED1A9 /* ios_error.h in Headers */,
				223496C71FD60065007ED1A9 /* file_cmds_ios.h in Headers */,
				2234975B1FD6C562007ED1A9 /* extern.h in Headers */,
				223496E21FD600E7007ED1A9 /* zopen.h in Headers */,
				2234971B1FD6B99F007ED1A9 /* extern.h in Headers */,
				223497131FD6AFEB007ED1A9 /* chmod_acl.h in Headers */,
				223497621FD6C96C007ED1A9 /* termcap.h in Headers */,
				223497641FD6C99C007ED1A9 /* ncurses_dll.h in Headers */,
			);
			runOnlyForDeploymentPostprocessing = 0;
		};
/* End PBXHeadersBuildPhase section */

/* Begin PBXNativeTarget section */
		223496C11FD60065007ED1A9 /* file_cmds_ios */ = {
			isa = PBXNativeTarget;
			buildConfigurationList = 223496CA1FD60065007ED1A9 /* Build configuration list for PBXNativeTarget "file_cmds_ios" */;
			buildPhases = (
				223496BD1FD60065007ED1A9 /* Sources */,
				223496BE1FD60065007ED1A9 /* Frameworks */,
				223496BF1FD60065007ED1A9 /* Headers */,
				223496C01FD60065007ED1A9 /* Resources */,
			);
			buildRules = (
			);
			dependencies = (
			);
			name = file_cmds_ios;
			productName = file_cmds_ios;
			productReference = 223496C21FD60065007ED1A9 /* file_cmds_ios.framework */;
			productType = "com.apple.product-type.framework";
		};
/* End PBXNativeTarget section */

/* Begin PBXProject section */
		223496B91FD60065007ED1A9 /* Project object */ = {
			isa = PBXProject;
			attributes = {
				LastUpgradeCheck = 0920;
				ORGANIZATIONNAME = "Nicolas Holzschuch";
				TargetAttributes = {
					223496C11FD60065007ED1A9 = {
						CreatedOnToolsVersion = 9.2;
						ProvisioningStyle = Automatic;
					};
				};
			};
			buildConfigurationList = 223496BC1FD60065007ED1A9 /* Build configuration list for PBXProject "file_cmds_ios" */;
			compatibilityVersion = "Xcode 8.0";
			developmentRegion = en;
			hasScannedForEncodings = 0;
			knownRegions = (
				en,
			);
			mainGroup = 223496B81FD60065007ED1A9;
			productRefGroup = 223496C31FD60065007ED1A9 /* Products */;
			projectDirPath = "";
			projectRoot = "";
			targets = (
				223496C11FD60065007ED1A9 /* file_cmds_ios */,
			);
		};
/* End PBXProject section */

/* Begin PBXResourcesBuildPhase section */
		223496C01FD60065007ED1A9 /* Resources */ = {
			isa = PBXResourcesBuildPhase;
			buildActionMask = 2147483647;
			files = (
			);
			runOnlyForDeploymentPostprocessing = 0;
		};
/* End PBXResourcesBuildPhase section */

/* Begin PBXSourcesBuildPhase section */
		223496BD1FD60065007ED1A9 /* Sources */ = {
			isa = PBXSourcesBuildPhase;
			buildActionMask = 2147483647;
			files = (
				223497811FD6CC3B007ED1A9 /* ln.c in Sources */,
				223497031FD6AF42007ED1A9 /* cksum.c in Sources */,
				223497251FD6C021007ED1A9 /* humanize_number.c in Sources */,
				223497601FD6C562007ED1A9 /* util.c in Sources */,
				223496E11FD600E7007ED1A9 /* zopen.c in Sources */,
				223497041FD6AF42007ED1A9 /* crc.c in Sources */,
				2234978C1FD6CD28007ED1A9 /* rmdir.c in Sources */,
				223497721FD6CB4A007ED1A9 /* touch.c in Sources */,
				2234979D1FD6CE27007ED1A9 /* du.c in Sources */,
				223497871FD6CCE5007ED1A9 /* mkdir.c in Sources */,
				2234975D1FD6C562007ED1A9 /* ls.c in Sources */,
				223497071FD6AF42007ED1A9 /* print.c in Sources */,
				223497A41FD6CE8E007ED1A9 /* stat.c in Sources */,
				223497221FD6BC65007ED1A9 /* df.c in Sources */,
				2234973F1FD6C18E007ED1A9 /* gzip.c in Sources */,
				223497981FD6CDB9007ED1A9 /* chown.c in Sources */,
				2234973B1FD6C18E007ED1A9 /* futimens.c in Sources */,
				2234975F1FD6C562007ED1A9 /* print.c in Sources */,
				223497781FD6CBA9007ED1A9 /* rm.c in Sources */,
				223497121FD6AFEB007ED1A9 /* chmod_acl.c in Sources */,
				2234976C1FD6CA42007ED1A9 /* mv.c in Sources */,
				223497091FD6AF42007ED1A9 /* sum1.c in Sources */,
				223497051FD6AF42007ED1A9 /* crc32.c in Sources */,
				2234971A1FD6B99F007ED1A9 /* cp.c in Sources */,
				2234975A1FD6C562007ED1A9 /* cmp.c in Sources */,
				223497911FD6CD62007ED1A9 /* chflags.c in Sources */,
				223497111FD6AFEB007ED1A9 /* chmod.c in Sources */,
				2234971C1FD6B99F007ED1A9 /* utils.c in Sources */,
				223497231FD6BC65007ED1A9 /* vfslist.c in Sources */,
				2234970A1FD6AF42007ED1A9 /* sum2.c in Sources */,
				223496DA1FD600E7007ED1A9 /* compress.c in Sources */,
			);
			runOnlyForDeploymentPostprocessing = 0;
		};
/* End PBXSourcesBuildPhase section */

/* Begin XCBuildConfiguration section */
		223496C81FD60065007ED1A9 /* Debug */ = {
			isa = XCBuildConfiguration;
			buildSettings = {
				ALWAYS_SEARCH_USER_PATHS = NO;
				CLANG_ANALYZER_NONNULL = YES;
				CLANG_ANALYZER_NUMBER_OBJECT_CONVERSION = YES_AGGRESSIVE;
				CLANG_CXX_LANGUAGE_STANDARD = "gnu++14";
				CLANG_CXX_LIBRARY = "libc++";
				CLANG_ENABLE_MODULES = YES;
				CLANG_ENABLE_OBJC_ARC = YES;
				CLANG_WARN_BLOCK_CAPTURE_AUTORELEASING = YES;
				CLANG_WARN_BOOL_CONVERSION = YES;
				CLANG_WARN_COMMA = YES;
				CLANG_WARN_CONSTANT_CONVERSION = YES;
				CLANG_WARN_DIRECT_OBJC_ISA_USAGE = YES_ERROR;
				CLANG_WARN_DOCUMENTATION_COMMENTS = YES;
				CLANG_WARN_EMPTY_BODY = YES;
				CLANG_WARN_ENUM_CONVERSION = YES;
				CLANG_WARN_INFINITE_RECURSION = YES;
				CLANG_WARN_INT_CONVERSION = YES;
				CLANG_WARN_NON_LITERAL_NULL_CONVERSION = YES;
				CLANG_WARN_OBJC_LITERAL_CONVERSION = YES;
				CLANG_WARN_OBJC_ROOT_CLASS = YES_ERROR;
				CLANG_WARN_RANGE_LOOP_ANALYSIS = YES;
				CLANG_WARN_STRICT_PROTOTYPES = YES;
				CLANG_WARN_SUSPICIOUS_MOVE = YES;
				CLANG_WARN_UNGUARDED_AVAILABILITY = YES_AGGRESSIVE;
				CLANG_WARN_UNREACHABLE_CODE = YES;
				CLANG_WARN__DUPLICATE_METHOD_MATCH = YES;
				CODE_SIGN_IDENTITY = "iPhone Developer";
				COPY_PHASE_STRIP = NO;
				CURRENT_PROJECT_VERSION = 1;
				DEBUG_INFORMATION_FORMAT = dwarf;
				ENABLE_STRICT_OBJC_MSGSEND = YES;
				ENABLE_TESTABILITY = YES;
				GCC_C_LANGUAGE_STANDARD = gnu11;
				GCC_DYNAMIC_NO_PIC = NO;
				GCC_NO_COMMON_BLOCKS = YES;
				GCC_OPTIMIZATION_LEVEL = 0;
				GCC_PREPROCESSOR_DEFINITIONS = (
					"DEBUG=1",
					"$(inherited)",
				);
				GCC_WARN_64_TO_32_BIT_CONVERSION = YES;
				GCC_WARN_ABOUT_RETURN_TYPE = YES_ERROR;
				GCC_WARN_UNDECLARED_SELECTOR = YES;
				GCC_WARN_UNINITIALIZED_AUTOS = YES_AGGRESSIVE;
				GCC_WARN_UNUSED_FUNCTION = YES;
				GCC_WARN_UNUSED_VARIABLE = YES;
				IPHONEOS_DEPLOYMENT_TARGET = 11.2;
				MTL_ENABLE_DEBUG_INFO = YES;
				ONLY_ACTIVE_ARCH = YES;
				SDKROOT = iphoneos;
				VERSIONING_SYSTEM = "apple-generic";
				VERSION_INFO_PREFIX = "";
			};
			name = Debug;
		};
		223496C91FD60065007ED1A9 /* Release */ = {
			isa = XCBuildConfiguration;
			buildSettings = {
				ALWAYS_SEARCH_USER_PATHS = NO;
				CLANG_ANALYZER_NONNULL = YES;
				CLANG_ANALYZER_NUMBER_OBJECT_CONVERSION = YES_AGGRESSIVE;
				CLANG_CXX_LANGUAGE_STANDARD = "gnu++14";
				CLANG_CXX_LIBRARY = "libc++";
				CLANG_ENABLE_MODULES = YES;
				CLANG_ENABLE_OBJC_ARC = YES;
				CLANG_WARN_BLOCK_CAPTURE_AUTORELEASING = YES;
				CLANG_WARN_BOOL_CONVERSION = YES;
				CLANG_WARN_COMMA = YES;
				CLANG_WARN_CONSTANT_CONVERSION = YES;
				CLANG_WARN_DIRECT_OBJC_ISA_USAGE = YES_ERROR;
				CLANG_WARN_DOCUMENTATION_COMMENTS = YES;
				CLANG_WARN_EMPTY_BODY = YES;
				CLANG_WARN_ENUM_CONVERSION = YES;
				CLANG_WARN_INFINITE_RECURSION = YES;
				CLANG_WARN_INT_CONVERSION = YES;
				CLANG_WARN_NON_LITERAL_NULL_CONVERSION = YES;
				CLANG_WARN_OBJC_LITERAL_CONVERSION = YES;
				CLANG_WARN_OBJC_ROOT_CLASS = YES_ERROR;
				CLANG_WARN_RANGE_LOOP_ANALYSIS = YES;
				CLANG_WARN_STRICT_PROTOTYPES = YES;
				CLANG_WARN_SUSPICIOUS_MOVE = YES;
				CLANG_WARN_UNGUARDED_AVAILABILITY = YES_AGGRESSIVE;
				CLANG_WARN_UNREACHABLE_CODE = YES;
				CLANG_WARN__DUPLICATE_METHOD_MATCH = YES;
				CODE_SIGN_IDENTITY = "iPhone Developer";
				COPY_PHASE_STRIP = NO;
				CURRENT_PROJECT_VERSION = 1;
				DEBUG_INFORMATION_FORMAT = "dwarf-with-dsym";
				ENABLE_NS_ASSERTIONS = NO;
				ENABLE_STRICT_OBJC_MSGSEND = YES;
				GCC_C_LANGUAGE_STANDARD = gnu11;
				GCC_NO_COMMON_BLOCKS = YES;
				GCC_WARN_64_TO_32_BIT_CONVERSION = YES;
				GCC_WARN_ABOUT_RETURN_TYPE = YES_ERROR;
				GCC_WARN_UNDECLARED_SELECTOR = YES;
				GCC_WARN_UNINITIALIZED_AUTOS = YES_AGGRESSIVE;
				GCC_WARN_UNUSED_FUNCTION = YES;
				GCC_WARN_UNUSED_VARIABLE = YES;
				IPHONEOS_DEPLOYMENT_TARGET = 11.2;
				MTL_ENABLE_DEBUG_INFO = NO;
				SDKROOT = iphoneos;
				VALIDATE_PRODUCT = YES;
				VERSIONING_SYSTEM = "apple-generic";
				VERSION_INFO_PREFIX = "";
			};
			name = Release;
		};
		223496CB1FD60065007ED1A9 /* Debug */ = {
			isa = XCBuildConfiguration;
			buildSettings = {
				CODE_SIGN_IDENTITY = "";
				CODE_SIGN_STYLE = Automatic;
				DEFINES_MODULE = YES;
				DEVELOPMENT_TEAM = VG8Z23C8YL;
				DYLIB_COMPATIBILITY_VERSION = 1;
				DYLIB_CURRENT_VERSION = 1;
				DYLIB_INSTALL_NAME_BASE = "@rpath";
				INFOPLIST_FILE = file_cmds_ios/Info.plist;
				INSTALL_PATH = "$(LOCAL_LIBRARY_DIR)/Frameworks";
				LD_RUNPATH_SEARCH_PATHS = "$(inherited) @executable_path/Frameworks @loader_path/Frameworks";
				PRODUCT_BUNDLE_IDENTIFIER = "Acube.file-cmds-ios";
				PRODUCT_NAME = "$(TARGET_NAME:c99extidentifier)";
				SKIP_INSTALL = YES;
				TARGETED_DEVICE_FAMILY = "1,2";
			};
			name = Debug;
		};
		223496CC1FD60065007ED1A9 /* Release */ = {
			isa = XCBuildConfiguration;
			buildSettings = {
				CODE_SIGN_IDENTITY = "";
				CODE_SIGN_STYLE = Automatic;
				DEFINES_MODULE = YES;
				DEVELOPMENT_TEAM = VG8Z23C8YL;
				DYLIB_COMPATIBILITY_VERSION = 1;
				DYLIB_CURRENT_VERSION = 1;
				DYLIB_INSTALL_NAME_BASE = "@rpath";
				INFOPLIST_FILE = file_cmds_ios/Info.plist;
				INSTALL_PATH = "$(LOCAL_LIBRARY_DIR)/Frameworks";
				LD_RUNPATH_SEARCH_PATHS = "$(inherited) @executable_path/Frameworks @loader_path/Frameworks";
				PRODUCT_BUNDLE_IDENTIFIER = "Acube.file-cmds-ios";
				PRODUCT_NAME = "$(TARGET_NAME:c99extidentifier)";
				SKIP_INSTALL = YES;
				TARGETED_DEVICE_FAMILY = "1,2";
			};
			name = Release;
		};
/* End XCBuildConfiguration section */

/* Begin XCConfigurationList section */
		223496BC1FD60065007ED1A9 /* Build configuration list for PBXProject "file_cmds_ios" */ = {
			isa = XCConfigurationList;
			buildConfigurations = (
				223496C81FD60065007ED1A9 /* Debug */,
				223496C91FD60065007ED1A9 /* Release */,
			);
			defaultConfigurationIsVisible = 0;
			defaultConfigurationName = Release;
		};
		223496CA1FD60065007ED1A9 /* Build configuration list for PBXNativeTarget "file_cmds_ios" */ = {
			isa = XCConfigurationList;
			buildConfigurations = (
				223496CB1FD60065007ED1A9 /* Debug */,
				223496CC1FD60065007ED1A9 /* Release */,
			);
			defaultConfigurationIsVisible = 0;
			defaultConfigurationName = Release;
		};
/* End XCConfigurationList section */
	};
	rootObject = 223496B91FD60065007ED1A9 /* Project object */;
}
