// !$*UTF8*$!
{
	archiveVersion = 1;
	classes = {
	};
	objectVersion = 48;
	objects = {

/* Begin PBXBuildFile section */
		223498291FD6EDDC007ED1A9 /* text_cmds_ios.h in Headers */ = {isa = PBXBuildFile; fileRef = 223498271FD6EDDC007ED1A9 /* text_cmds_ios.h */; settings = {ATTRIBUTES = (Public, ); }; };
		223498301FD6EEFC007ED1A9 /* ios_error.h in Headers */ = {isa = PBXBuildFile; fileRef = 2234982F1FD6EEFC007ED1A9 /* ios_error.h */; };
		223498351FD6EF04007ED1A9 /* cat.c in Sources */ = {isa = PBXBuildFile; fileRef = 223498331FD6EF04007ED1A9 /* cat.c */; };
		2234983D1FD6F033007ED1A9 /* file.c in Sources */ = {isa = PBXBuildFile; fileRef = 223498371FD6F033007ED1A9 /* file.c */; settings = {COMPILER_FLAGS = "-DWITHOUT_FASTMATCH -DWITHOUT_LZMA"; }; };
		2234983F1FD6F033007ED1A9 /* grep.c in Sources */ = {isa = PBXBuildFile; fileRef = 223498391FD6F033007ED1A9 /* grep.c */; settings = {COMPILER_FLAGS = "-DWITHOUT_FASTMATCH"; }; };
		223498401FD6F033007ED1A9 /* grep.h in Headers */ = {isa = PBXBuildFile; fileRef = 2234983A1FD6F033007ED1A9 /* grep.h */; };
		223498411FD6F033007ED1A9 /* queue.c in Sources */ = {isa = PBXBuildFile; fileRef = 2234983B1FD6F033007ED1A9 /* queue.c */; settings = {COMPILER_FLAGS = "-DWITHOUT_FASTMATCH"; }; };
		223498421FD6F033007ED1A9 /* util.c in Sources */ = {isa = PBXBuildFile; fileRef = 2234983C1FD6F033007ED1A9 /* util.c */; settings = {COMPILER_FLAGS = "-DWITHOUT_FASTMATCH"; }; };
		223498451FD6F125007ED1A9 /* libbz2.tbd in Frameworks */ = {isa = PBXBuildFile; fileRef = 223498441FD6F11A007ED1A9 /* libbz2.tbd */; };
		2234984A1FD6F6E1007ED1A9 /* wc.c in Sources */ = {isa = PBXBuildFile; fileRef = 223498481FD6F6E1007ED1A9 /* wc.c */; };
/* End PBXBuildFile section */

/* Begin PBXFileReference section */
		223498241FD6EDDC007ED1A9 /* text_cmds_ios.framework */ = {isa = PBXFileReference; explicitFileType = wrapper.framework; includeInIndex = 0; path = text_cmds_ios.framework; sourceTree = BUILT_PRODUCTS_DIR; };
		223498271FD6EDDC007ED1A9 /* text_cmds_ios.h */ = {isa = PBXFileReference; lastKnownFileType = sourcecode.c.h; path = text_cmds_ios.h; sourceTree = "<group>"; };
		223498281FD6EDDC007ED1A9 /* Info.plist */ = {isa = PBXFileReference; lastKnownFileType = text.plist.xml; path = Info.plist; sourceTree = "<group>"; };
		2234982F1FD6EEFC007ED1A9 /* ios_error.h */ = {isa = PBXFileReference; fileEncoding = 4; lastKnownFileType = sourcecode.c.h; name = ios_error.h; path = ../ios_error.h; sourceTree = "<group>"; };
		223498331FD6EF04007ED1A9 /* cat.c */ = {isa = PBXFileReference; fileEncoding = 4; lastKnownFileType = sourcecode.c.c; path = cat.c; sourceTree = "<group>"; };
		223498371FD6F033007ED1A9 /* file.c */ = {isa = PBXFileReference; fileEncoding = 4; lastKnownFileType = sourcecode.c.c; path = file.c; sourceTree = "<group>"; };
		223498391FD6F033007ED1A9 /* grep.c */ = {isa = PBXFileReference; fileEncoding = 4; lastKnownFileType = sourcecode.c.c; path = grep.c; sourceTree = "<group>"; };
		2234983A1FD6F033007ED1A9 /* grep.h */ = {isa = PBXFileReference; fileEncoding = 4; lastKnownFileType = sourcecode.c.h; path = grep.h; sourceTree = "<group>"; };
		2234983B1FD6F033007ED1A9 /* queue.c */ = {isa = PBXFileReference; fileEncoding = 4; lastKnownFileType = sourcecode.c.c; path = queue.c; sourceTree = "<group>"; };
		2234983C1FD6F033007ED1A9 /* util.c */ = {isa = PBXFileReference; fileEncoding = 4; lastKnownFileType = sourcecode.c.c; path = util.c; sourceTree = "<group>"; };
		223498441FD6F11A007ED1A9 /* libbz2.tbd */ = {isa = PBXFileReference; lastKnownFileType = "sourcecode.text-based-dylib-definition"; name = libbz2.tbd; path = usr/lib/libbz2.tbd; sourceTree = SDKROOT; };
		223498481FD6F6E1007ED1A9 /* wc.c */ = {isa = PBXFileReference; fileEncoding = 4; lastKnownFileType = sourcecode.c.c; path = wc.c; sourceTree = "<group>"; };
/* End PBXFileReference section */

/* Begin PBXFrameworksBuildPhase section */
		223498201FD6EDDC007ED1A9 /* Frameworks */ = {
			isa = PBXFrameworksBuildPhase;
			buildActionMask = 2147483647;
			files = (
				223498451FD6F125007ED1A9 /* libbz2.tbd in Frameworks */,
			);
			runOnlyForDeploymentPostprocessing = 0;
		};
/* End PBXFrameworksBuildPhase section */

/* Begin PBXGroup section */
		2234981A1FD6EDDC007ED1A9 = {
			isa = PBXGroup;
			children = (
				2234982F1FD6EEFC007ED1A9 /* ios_error.h */,
				223498311FD6EF04007ED1A9 /* cat */,
				223498361FD6F033007ED1A9 /* grep */,
				223498461FD6F6E1007ED1A9 /* wc */,
				223498261FD6EDDC007ED1A9 /* text_cmds_ios */,
				223498251FD6EDDC007ED1A9 /* Products */,
				223498431FD6F11A007ED1A9 /* Frameworks */,
			);
			sourceTree = "<group>";
		};
		223498251FD6EDDC007ED1A9 /* Products */ = {
			isa = PBXGroup;
			children = (
				223498241FD6EDDC007ED1A9 /* text_cmds_ios.framework */,
			);
			name = Products;
			sourceTree = "<group>";
		};
		223498261FD6EDDC007ED1A9 /* text_cmds_ios */ = {
			isa = PBXGroup;
			children = (
				223498271FD6EDDC007ED1A9 /* text_cmds_ios.h */,
				223498281FD6EDDC007ED1A9 /* Info.plist */,
			);
			path = text_cmds_ios;
			sourceTree = "<group>";
		};
		223498311FD6EF04007ED1A9 /* cat */ = {
			isa = PBXGroup;
			children = (
				223498331FD6EF04007ED1A9 /* cat.c */,
			);
			name = cat;
			path = ../text_cmds/cat;
			sourceTree = "<group>";
		};
		223498361FD6F033007ED1A9 /* grep */ = {
			isa = PBXGroup;
			children = (
				223498371FD6F033007ED1A9 /* file.c */,
				223498391FD6F033007ED1A9 /* grep.c */,
				2234983A1FD6F033007ED1A9 /* grep.h */,
				2234983B1FD6F033007ED1A9 /* queue.c */,
				2234983C1FD6F033007ED1A9 /* util.c */,
			);
			name = grep;
			path = ../text_cmds/grep;
			sourceTree = "<group>";
		};
		223498431FD6F11A007ED1A9 /* Frameworks */ = {
			isa = PBXGroup;
			children = (
				223498441FD6F11A007ED1A9 /* libbz2.tbd */,
			);
			name = Frameworks;
			sourceTree = "<group>";
		};
		223498461FD6F6E1007ED1A9 /* wc */ = {
			isa = PBXGroup;
			children = (
				223498481FD6F6E1007ED1A9 /* wc.c */,
			);
			name = wc;
			path = ../text_cmds/wc;
			sourceTree = "<group>";
		};
/* End PBXGroup section */

/* Begin PBXHeadersBuildPhase section */
		223498211FD6EDDC007ED1A9 /* Headers */ = {
			isa = PBXHeadersBuildPhase;
			buildActionMask = 2147483647;
			files = (
				223498291FD6EDDC007ED1A9 /* text_cmds_ios.h in Headers */,
				223498401FD6F033007ED1A9 /* grep.h in Headers */,
				223498301FD6EEFC007ED1A9 /* ios_error.h in Headers */,
			);
			runOnlyForDeploymentPostprocessing = 0;
		};
/* End PBXHeadersBuildPhase section */

/* Begin PBXNativeTarget section */
		223498231FD6EDDC007ED1A9 /* text_cmds_ios */ = {
			isa = PBXNativeTarget;
			buildConfigurationList = 2234982C1FD6EDDC007ED1A9 /* Build configuration list for PBXNativeTarget "text_cmds_ios" */;
			buildPhases = (
				2234981F1FD6EDDC007ED1A9 /* Sources */,
				223498201FD6EDDC007ED1A9 /* Frameworks */,
				223498211FD6EDDC007ED1A9 /* Headers */,
				223498221FD6EDDC007ED1A9 /* Resources */,
			);
			buildRules = (
			);
			dependencies = (
			);
			name = text_cmds_ios;
			productName = text_cmds_ios;
			productReference = 223498241FD6EDDC007ED1A9 /* text_cmds_ios.framework */;
			productType = "com.apple.product-type.framework";
		};
/* End PBXNativeTarget section */

/* Begin PBXProject section */
		2234981B1FD6EDDC007ED1A9 /* Project object */ = {
			isa = PBXProject;
			attributes = {
				LastUpgradeCheck = 0920;
				ORGANIZATIONNAME = "Nicolas Holzschuch";
				TargetAttributes = {
					223498231FD6EDDC007ED1A9 = {
						CreatedOnToolsVersion = 9.2;
						ProvisioningStyle = Automatic;
					};
				};
			};
			buildConfigurationList = 2234981E1FD6EDDC007ED1A9 /* Build configuration list for PBXProject "text_cmds_ios" */;
			compatibilityVersion = "Xcode 8.0";
			developmentRegion = en;
			hasScannedForEncodings = 0;
			knownRegions = (
				en,
			);
			mainGroup = 2234981A1FD6EDDC007ED1A9;
			productRefGroup = 223498251FD6EDDC007ED1A9 /* Products */;
			projectDirPath = "";
			projectRoot = "";
			targets = (
				223498231FD6EDDC007ED1A9 /* text_cmds_ios */,
			);
		};
/* End PBXProject section */

/* Begin PBXResourcesBuildPhase section */
		223498221FD6EDDC007ED1A9 /* Resources */ = {
			isa = PBXResourcesBuildPhase;
			buildActionMask = 2147483647;
			files = (
			);
			runOnlyForDeploymentPostprocessing = 0;
		};
/* End PBXResourcesBuildPhase section */

/* Begin PBXSourcesBuildPhase section */
		2234981F1FD6EDDC007ED1A9 /* Sources */ = {
			isa = PBXSourcesBuildPhase;
			buildActionMask = 2147483647;
			files = (
				223498421FD6F033007ED1A9 /* util.c in Sources */,
				2234983F1FD6F033007ED1A9 /* grep.c in Sources */,
				223498411FD6F033007ED1A9 /* queue.c in Sources */,
				2234984A1FD6F6E1007ED1A9 /* wc.c in Sources */,
				223498351FD6EF04007ED1A9 /* cat.c in Sources */,
				2234983D1FD6F033007ED1A9 /* file.c in Sources */,
			);
			runOnlyForDeploymentPostprocessing = 0;
		};
/* End PBXSourcesBuildPhase section */

/* Begin XCBuildConfiguration section */
		2234982A1FD6EDDC007ED1A9 /* Debug */ = {
			isa = XCBuildConfiguration;
			buildSettings = {
				ALWAYS_SEARCH_USER_PATHS = NO;
				CLANG_ANALYZER_NONNULL = YES;
				CLANG_ANALYZER_NUMBER_OBJECT_CONVERSION = YES_AGGRESSIVE;
				CLANG_CXX_LANGUAGE_STANDARD = "gnu++14";
				CLANG_CXX_LIBRARY = "libc++";
				CLANG_ENABLE_MODULES = YES;
				CLANG_ENABLE_OBJC_ARC = YES;
				CLANG_WARN_BLOCK_CAPTURE_AUTORELEASING = YES;
				CLANG_WARN_BOOL_CONVERSION = YES;
				CLANG_WARN_COMMA = YES;
				CLANG_WARN_CONSTANT_CONVERSION = YES;
				CLANG_WARN_DIRECT_OBJC_ISA_USAGE = YES_ERROR;
				CLANG_WARN_DOCUMENTATION_COMMENTS = YES;
				CLANG_WARN_EMPTY_BODY = YES;
				CLANG_WARN_ENUM_CONVERSION = YES;
				CLANG_WARN_INFINITE_RECURSION = YES;
				CLANG_WARN_INT_CONVERSION = YES;
				CLANG_WARN_NON_LITERAL_NULL_CONVERSION = YES;
				CLANG_WARN_OBJC_LITERAL_CONVERSION = YES;
				CLANG_WARN_OBJC_ROOT_CLASS = YES_ERROR;
				CLANG_WARN_RANGE_LOOP_ANALYSIS = YES;
				CLANG_WARN_STRICT_PROTOTYPES = YES;
				CLANG_WARN_SUSPICIOUS_MOVE = YES;
				CLANG_WARN_UNGUARDED_AVAILABILITY = YES_AGGRESSIVE;
				CLANG_WARN_UNREACHABLE_CODE = YES;
				CLANG_WARN__DUPLICATE_METHOD_MATCH = YES;
				CODE_SIGN_IDENTITY = "iPhone Developer";
				COPY_PHASE_STRIP = NO;
				CURRENT_PROJECT_VERSION = 1;
				DEBUG_INFORMATION_FORMAT = dwarf;
				ENABLE_STRICT_OBJC_MSGSEND = YES;
				ENABLE_TESTABILITY = YES;
				GCC_C_LANGUAGE_STANDARD = gnu11;
				GCC_DYNAMIC_NO_PIC = NO;
				GCC_NO_COMMON_BLOCKS = YES;
				GCC_OPTIMIZATION_LEVEL = 0;
				GCC_PREPROCESSOR_DEFINITIONS = (
					"DEBUG=1",
					"$(inherited)",
				);
				GCC_WARN_64_TO_32_BIT_CONVERSION = YES;
				GCC_WARN_ABOUT_RETURN_TYPE = YES_ERROR;
				GCC_WARN_UNDECLARED_SELECTOR = YES;
				GCC_WARN_UNINITIALIZED_AUTOS = YES_AGGRESSIVE;
				GCC_WARN_UNUSED_FUNCTION = YES;
				GCC_WARN_UNUSED_VARIABLE = YES;
				IPHONEOS_DEPLOYMENT_TARGET = 11.2;
				MTL_ENABLE_DEBUG_INFO = YES;
				ONLY_ACTIVE_ARCH = YES;
				SDKROOT = iphoneos;
				VERSIONING_SYSTEM = "apple-generic";
				VERSION_INFO_PREFIX = "";
			};
			name = Debug;
		};
		2234982B1FD6EDDC007ED1A9 /* Release */ = {
			isa = XCBuildConfiguration;
			buildSettings = {
				ALWAYS_SEARCH_USER_PATHS = NO;
				CLANG_ANALYZER_NONNULL = YES;
				CLANG_ANALYZER_NUMBER_OBJECT_CONVERSION = YES_AGGRESSIVE;
				CLANG_CXX_LANGUAGE_STANDARD = "gnu++14";
				CLANG_CXX_LIBRARY = "libc++";
				CLANG_ENABLE_MODULES = YES;
				CLANG_ENABLE_OBJC_ARC = YES;
				CLANG_WARN_BLOCK_CAPTURE_AUTORELEASING = YES;
				CLANG_WARN_BOOL_CONVERSION = YES;
				CLANG_WARN_COMMA = YES;
				CLANG_WARN_CONSTANT_CONVERSION = YES;
				CLANG_WARN_DIRECT_OBJC_ISA_USAGE = YES_ERROR;
				CLANG_WARN_DOCUMENTATION_COMMENTS = YES;
				CLANG_WARN_EMPTY_BODY = YES;
				CLANG_WARN_ENUM_CONVERSION = YES;
				CLANG_WARN_INFINITE_RECURSION = YES;
				CLANG_WARN_INT_CONVERSION = YES;
				CLANG_WARN_NON_LITERAL_NULL_CONVERSION = YES;
				CLANG_WARN_OBJC_LITERAL_CONVERSION = YES;
				CLANG_WARN_OBJC_ROOT_CLASS = YES_ERROR;
				CLANG_WARN_RANGE_LOOP_ANALYSIS = YES;
				CLANG_WARN_STRICT_PROTOTYPES = YES;
				CLANG_WARN_SUSPICIOUS_MOVE = YES;
				CLANG_WARN_UNGUARDED_AVAILABILITY = YES_AGGRESSIVE;
				CLANG_WARN_UNREACHABLE_CODE = YES;
				CLANG_WARN__DUPLICATE_METHOD_MATCH = YES;
				CODE_SIGN_IDENTITY = "iPhone Developer";
				COPY_PHASE_STRIP = NO;
				CURRENT_PROJECT_VERSION = 1;
				DEBUG_INFORMATION_FORMAT = "dwarf-with-dsym";
				ENABLE_NS_ASSERTIONS = NO;
				ENABLE_STRICT_OBJC_MSGSEND = YES;
				GCC_C_LANGUAGE_STANDARD = gnu11;
				GCC_NO_COMMON_BLOCKS = YES;
				GCC_WARN_64_TO_32_BIT_CONVERSION = YES;
				GCC_WARN_ABOUT_RETURN_TYPE = YES_ERROR;
				GCC_WARN_UNDECLARED_SELECTOR = YES;
				GCC_WARN_UNINITIALIZED_AUTOS = YES_AGGRESSIVE;
				GCC_WARN_UNUSED_FUNCTION = YES;
				GCC_WARN_UNUSED_VARIABLE = YES;
				IPHONEOS_DEPLOYMENT_TARGET = 11.2;
				MTL_ENABLE_DEBUG_INFO = NO;
				SDKROOT = iphoneos;
				VALIDATE_PRODUCT = YES;
				VERSIONING_SYSTEM = "apple-generic";
				VERSION_INFO_PREFIX = "";
			};
			name = Release;
		};
		2234982D1FD6EDDC007ED1A9 /* Debug */ = {
			isa = XCBuildConfiguration;
			buildSettings = {
				CODE_SIGN_IDENTITY = "";
				CODE_SIGN_STYLE = Automatic;
				DEFINES_MODULE = YES;
				DEVELOPMENT_TEAM = VG8Z23C8YL;
				DYLIB_COMPATIBILITY_VERSION = 1;
				DYLIB_CURRENT_VERSION = 1;
				DYLIB_INSTALL_NAME_BASE = "@rpath";
				INFOPLIST_FILE = text_cmds_ios/Info.plist;
				INSTALL_PATH = "$(LOCAL_LIBRARY_DIR)/Frameworks";
				LD_RUNPATH_SEARCH_PATHS = "$(inherited) @executable_path/Frameworks @loader_path/Frameworks";
				PRODUCT_BUNDLE_IDENTIFIER = "Acube.text-cmds-ios";
				PRODUCT_NAME = "$(TARGET_NAME:c99extidentifier)";
				SKIP_INSTALL = YES;
				TARGETED_DEVICE_FAMILY = "1,2";
			};
			name = Debug;
		};
		2234982E1FD6EDDC007ED1A9 /* Release */ = {
			isa = XCBuildConfiguration;
			buildSettings = {
				CODE_SIGN_IDENTITY = "";
				CODE_SIGN_STYLE = Automatic;
				DEFINES_MODULE = YES;
				DEVELOPMENT_TEAM = VG8Z23C8YL;
				DYLIB_COMPATIBILITY_VERSION = 1;
				DYLIB_CURRENT_VERSION = 1;
				DYLIB_INSTALL_NAME_BASE = "@rpath";
				INFOPLIST_FILE = text_cmds_ios/Info.plist;
				INSTALL_PATH = "$(LOCAL_LIBRARY_DIR)/Frameworks";
				LD_RUNPATH_SEARCH_PATHS = "$(inherited) @executable_path/Frameworks @loader_path/Frameworks";
				PRODUCT_BUNDLE_IDENTIFIER = "Acube.text-cmds-ios";
				PRODUCT_NAME = "$(TARGET_NAME:c99extidentifier)";
				SKIP_INSTALL = YES;
				TARGETED_DEVICE_FAMILY = "1,2";
			};
			name = Release;
		};
/* End XCBuildConfiguration section */

/* Begin XCConfigurationList section */
		2234981E1FD6EDDC007ED1A9 /* Build configuration list for PBXProject "text_cmds_ios" */ = {
			isa = XCConfigurationList;
			buildConfigurations = (
				2234982A1FD6EDDC007ED1A9 /* Debug */,
				2234982B1FD6EDDC007ED1A9 /* Release */,
			);
			defaultConfigurationIsVisible = 0;
			defaultConfigurationName = Release;
		};
		2234982C1FD6EDDC007ED1A9 /* Build configuration list for PBXNativeTarget "text_cmds_ios" */ = {
			isa = XCConfigurationList;
			buildConfigurations = (
				2234982D1FD6EDDC007ED1A9 /* Debug */,
				2234982E1FD6EDDC007ED1A9 /* Release */,
			);
			defaultConfigurationIsVisible = 0;
			defaultConfigurationName = Release;
		};
/* End XCConfigurationList section */
	};
	rootObject = 2234981B1FD6EDDC007ED1A9 /* Project object */;
}
